// !$*UTF8*$!
{
	archiveVersion = 1;
	classes = {
	};
	objectVersion = 55;
	objects = {

/* Begin PBXBuildFile section */
		672E040C28A1E03400BE3D2F /* SeSACButton.swift in Sources */ = {isa = PBXBuildFile; fileRef = 672E040B28A1E03400BE3D2F /* SeSACButton.swift */; };
		672E040E28A1E60200BE3D2F /* CardView.xib in Resources */ = {isa = PBXBuildFile; fileRef = 672E040D28A1E60200BE3D2F /* CardView.xib */; };
		672E041028A1E64700BE3D2F /* CardView.swift in Sources */ = {isa = PBXBuildFile; fileRef = 672E040F28A1E64700BE3D2F /* CardView.swift */; };
		672E041328A1F36F00BE3D2F /* CardCollectionViewCell.swift in Sources */ = {isa = PBXBuildFile; fileRef = 672E041128A1F36F00BE3D2F /* CardCollectionViewCell.swift */; };
		672E041428A1F36F00BE3D2F /* CardCollectionViewCell.xib in Resources */ = {isa = PBXBuildFile; fileRef = 672E041228A1F36F00BE3D2F /* CardCollectionViewCell.xib */; };
		672E041628A1F63C00BE3D2F /* MainViewController.swift in Sources */ = {isa = PBXBuildFile; fileRef = 672E041528A1F63C00BE3D2F /* MainViewController.swift */; };
		672E041828A1FC2900BE3D2F /* MainTableViewCell.swift in Sources */ = {isa = PBXBuildFile; fileRef = 672E041728A1FC2900BE3D2F /* MainTableViewCell.swift */; };
		67AD246328A3308800B225C1 /* ReuseableViewProtocol.swift in Sources */ = {isa = PBXBuildFile; fileRef = 67AD246228A3308800B225C1 /* ReuseableViewProtocol.swift */; };
		67AD246528A343E700B225C1 /* TMDAPIManager.swift in Sources */ = {isa = PBXBuildFile; fileRef = 67AD246428A343E700B225C1 /* TMDAPIManager.swift */; };
		67B6266B28A4939C006D6E91 /* MapViewController.swift in Sources */ = {isa = PBXBuildFile; fileRef = 67B6266A28A4939C006D6E91 /* MapViewController.swift */; };
		67C66FC328A08FEC00EB965A /* AppDelegate.swift in Sources */ = {isa = PBXBuildFile; fileRef = 67C66FC228A08FEC00EB965A /* AppDelegate.swift */; };
		67C66FC528A08FEC00EB965A /* SceneDelegate.swift in Sources */ = {isa = PBXBuildFile; fileRef = 67C66FC428A08FEC00EB965A /* SceneDelegate.swift */; };
		67C66FC728A08FEC00EB965A /* ViewController.swift in Sources */ = {isa = PBXBuildFile; fileRef = 67C66FC628A08FEC00EB965A /* ViewController.swift */; };
		67C66FCA28A08FEC00EB965A /* Main.storyboard in Resources */ = {isa = PBXBuildFile; fileRef = 67C66FC828A08FEC00EB965A /* Main.storyboard */; };
		67C66FCC28A08FED00EB965A /* Assets.xcassets in Resources */ = {isa = PBXBuildFile; fileRef = 67C66FCB28A08FED00EB965A /* Assets.xcassets */; };
		67C66FCF28A08FED00EB965A /* LaunchScreen.storyboard in Resources */ = {isa = PBXBuildFile; fileRef = 67C66FCD28A08FED00EB965A /* LaunchScreen.storyboard */; };
		67C66FD828A0901800EB965A /* Alamofire in Frameworks */ = {isa = PBXBuildFile; productRef = 67C66FD728A0901800EB965A /* Alamofire */; };
		67C66FDB28A0902600EB965A /* SwiftyJSON in Frameworks */ = {isa = PBXBuildFile; productRef = 67C66FDA28A0902600EB965A /* SwiftyJSON */; };
		67C66FDE28A0905400EB965A /* Kingfisher in Frameworks */ = {isa = PBXBuildFile; productRef = 67C66FDD28A0905400EB965A /* Kingfisher */; };
		67C66FE028A0911100EB965A /* APIKey.swift in Sources */ = {isa = PBXBuildFile; fileRef = 67C66FDF28A0911100EB965A /* APIKey.swift */; };
		67C66FE328A0949E00EB965A /* Endpoint.swift in Sources */ = {isa = PBXBuildFile; fileRef = 67C66FE228A0949E00EB965A /* Endpoint.swift */; };
		67C66FE528A0951300EB965A /* URL+Extension.swift in Sources */ = {isa = PBXBuildFile; fileRef = 67C66FE428A0951300EB965A /* URL+Extension.swift */; };
		67C66FE728A0A78C00EB965A /* KakaoAPIManager.swift in Sources */ = {isa = PBXBuildFile; fileRef = 67C66FE628A0A78C00EB965A /* KakaoAPIManager.swift */; };
		67C66FE928A0ABFA00EB965A /* ClosureViewController.swift in Sources */ = {isa = PBXBuildFile; fileRef = 67C66FE828A0ABFA00EB965A /* ClosureViewController.swift */; };
/* End PBXBuildFile section */

/* Begin PBXFileReference section */
		672E040B28A1E03400BE3D2F /* SeSACButton.swift */ = {isa = PBXFileReference; lastKnownFileType = sourcecode.swift; path = SeSACButton.swift; sourceTree = "<group>"; };
		672E040D28A1E60200BE3D2F /* CardView.xib */ = {isa = PBXFileReference; lastKnownFileType = file.xib; path = CardView.xib; sourceTree = "<group>"; };
		672E040F28A1E64700BE3D2F /* CardView.swift */ = {isa = PBXFileReference; lastKnownFileType = sourcecode.swift; path = CardView.swift; sourceTree = "<group>"; };
		672E041128A1F36F00BE3D2F /* CardCollectionViewCell.swift */ = {isa = PBXFileReference; lastKnownFileType = sourcecode.swift; path = CardCollectionViewCell.swift; sourceTree = "<group>"; };
		672E041228A1F36F00BE3D2F /* CardCollectionViewCell.xib */ = {isa = PBXFileReference; lastKnownFileType = file.xib; path = CardCollectionViewCell.xib; sourceTree = "<group>"; };
		672E041528A1F63C00BE3D2F /* MainViewController.swift */ = {isa = PBXFileReference; lastKnownFileType = sourcecode.swift; path = MainViewController.swift; sourceTree = "<group>"; };
		672E041728A1FC2900BE3D2F /* MainTableViewCell.swift */ = {isa = PBXFileReference; lastKnownFileType = sourcecode.swift; path = MainTableViewCell.swift; sourceTree = "<group>"; };
		67AD246228A3308800B225C1 /* ReuseableViewProtocol.swift */ = {isa = PBXFileReference; lastKnownFileType = sourcecode.swift; path = ReuseableViewProtocol.swift; sourceTree = "<group>"; };
		67AD246428A343E700B225C1 /* TMDAPIManager.swift */ = {isa = PBXFileReference; lastKnownFileType = sourcecode.swift; path = TMDAPIManager.swift; sourceTree = "<group>"; };
		67B6266A28A4939C006D6E91 /* MapViewController.swift */ = {isa = PBXFileReference; lastKnownFileType = sourcecode.swift; path = MapViewController.swift; sourceTree = "<group>"; };
		67C66FBF28A08FEC00EB965A /* SeSAC2Week6.app */ = {isa = PBXFileReference; explicitFileType = wrapper.application; includeInIndex = 0; path = SeSAC2Week6.app; sourceTree = BUILT_PRODUCTS_DIR; };
		67C66FC228A08FEC00EB965A /* AppDelegate.swift */ = {isa = PBXFileReference; lastKnownFileType = sourcecode.swift; path = AppDelegate.swift; sourceTree = "<group>"; };
		67C66FC428A08FEC00EB965A /* SceneDelegate.swift */ = {isa = PBXFileReference; lastKnownFileType = sourcecode.swift; path = SceneDelegate.swift; sourceTree = "<group>"; };
		67C66FC628A08FEC00EB965A /* ViewController.swift */ = {isa = PBXFileReference; lastKnownFileType = sourcecode.swift; path = ViewController.swift; sourceTree = "<group>"; };
		67C66FC928A08FEC00EB965A /* Base */ = {isa = PBXFileReference; lastKnownFileType = file.storyboard; name = Base; path = Base.lproj/Main.storyboard; sourceTree = "<group>"; };
		67C66FCB28A08FED00EB965A /* Assets.xcassets */ = {isa = PBXFileReference; lastKnownFileType = folder.assetcatalog; path = Assets.xcassets; sourceTree = "<group>"; };
		67C66FCE28A08FED00EB965A /* Base */ = {isa = PBXFileReference; lastKnownFileType = file.storyboard; name = Base; path = Base.lproj/LaunchScreen.storyboard; sourceTree = "<group>"; };
		67C66FD028A08FED00EB965A /* Info.plist */ = {isa = PBXFileReference; lastKnownFileType = text.plist.xml; path = Info.plist; sourceTree = "<group>"; };
		67C66FDF28A0911100EB965A /* APIKey.swift */ = {isa = PBXFileReference; lastKnownFileType = sourcecode.swift; path = APIKey.swift; sourceTree = "<group>"; };
		67C66FE228A0949E00EB965A /* Endpoint.swift */ = {isa = PBXFileReference; lastKnownFileType = sourcecode.swift; path = Endpoint.swift; sourceTree = "<group>"; };
		67C66FE428A0951300EB965A /* URL+Extension.swift */ = {isa = PBXFileReference; lastKnownFileType = sourcecode.swift; path = "URL+Extension.swift"; sourceTree = "<group>"; };
		67C66FE628A0A78C00EB965A /* KakaoAPIManager.swift */ = {isa = PBXFileReference; lastKnownFileType = sourcecode.swift; path = KakaoAPIManager.swift; sourceTree = "<group>"; };
		67C66FE828A0ABFA00EB965A /* ClosureViewController.swift */ = {isa = PBXFileReference; lastKnownFileType = sourcecode.swift; path = ClosureViewController.swift; sourceTree = "<group>"; };
/* End PBXFileReference section */

/* Begin PBXFrameworksBuildPhase section */
		67C66FBC28A08FEC00EB965A /* Frameworks */ = {
			isa = PBXFrameworksBuildPhase;
			buildActionMask = 2147483647;
			files = (
				67C66FDE28A0905400EB965A /* Kingfisher in Frameworks */,
				67C66FDB28A0902600EB965A /* SwiftyJSON in Frameworks */,
				67C66FD828A0901800EB965A /* Alamofire in Frameworks */,
			);
			runOnlyForDeploymentPostprocessing = 0;
		};
/* End PBXFrameworksBuildPhase section */

/* Begin PBXGroup section */
		672E040A28A1DFE200BE3D2F /* View */ = {
			isa = PBXGroup;
			children = (
				672E041128A1F36F00BE3D2F /* CardCollectionViewCell.swift */,
				672E041228A1F36F00BE3D2F /* CardCollectionViewCell.xib */,
				672E041728A1FC2900BE3D2F /* MainTableViewCell.swift */,
				672E040B28A1E03400BE3D2F /* SeSACButton.swift */,
				672E040D28A1E60200BE3D2F /* CardView.xib */,
				672E040F28A1E64700BE3D2F /* CardView.swift */,
			);
			path = View;
			sourceTree = "<group>";
		};
		67AD246128A3307100B225C1 /* Protocol */ = {
			isa = PBXGroup;
			children = (
				67AD246228A3308800B225C1 /* ReuseableViewProtocol.swift */,
			);
			path = Protocol;
			sourceTree = "<group>";
		};
		67C66FB628A08FEC00EB965A = {
			isa = PBXGroup;
			children = (
				67C66FC128A08FEC00EB965A /* SeSAC2Week6 */,
				67C66FC028A08FEC00EB965A /* Products */,
			);
			sourceTree = "<group>";
		};
		67C66FC028A08FEC00EB965A /* Products */ = {
			isa = PBXGroup;
			children = (
				67C66FBF28A08FEC00EB965A /* SeSAC2Week6.app */,
			);
			name = Products;
			sourceTree = "<group>";
		};
		67C66FC128A08FEC00EB965A /* SeSAC2Week6 */ = {
			isa = PBXGroup;
			children = (
				67AD246128A3307100B225C1 /* Protocol */,
				672E040A28A1DFE200BE3D2F /* View */,
				67C66FE128A0948800EB965A /* Network */,
				67C66FC228A08FEC00EB965A /* AppDelegate.swift */,
				67C66FC428A08FEC00EB965A /* SceneDelegate.swift */,
				67C66FC628A08FEC00EB965A /* ViewController.swift */,
				67C66FC828A08FEC00EB965A /* Main.storyboard */,
				672E041528A1F63C00BE3D2F /* MainViewController.swift */,
				67B6266A28A4939C006D6E91 /* MapViewController.swift */,
				67C66FE828A0ABFA00EB965A /* ClosureViewController.swift */,
				67C66FCB28A08FED00EB965A /* Assets.xcassets */,
				67C66FCD28A08FED00EB965A /* LaunchScreen.storyboard */,
				67C66FD028A08FED00EB965A /* Info.plist */,
			);
			path = SeSAC2Week6;
			sourceTree = "<group>";
		};
		67C66FE128A0948800EB965A /* Network */ = {
			isa = PBXGroup;
			children = (
				67C66FDF28A0911100EB965A /* APIKey.swift */,
				67C66FE228A0949E00EB965A /* Endpoint.swift */,
				67C66FE428A0951300EB965A /* URL+Extension.swift */,
				67C66FE628A0A78C00EB965A /* KakaoAPIManager.swift */,
				67AD246428A343E700B225C1 /* TMDAPIManager.swift */,
			);
			path = Network;
			sourceTree = "<group>";
		};
/* End PBXGroup section */

/* Begin PBXNativeTarget section */
		67C66FBE28A08FEC00EB965A /* SeSAC2Week6 */ = {
			isa = PBXNativeTarget;
			buildConfigurationList = 67C66FD328A08FED00EB965A /* Build configuration list for PBXNativeTarget "SeSAC2Week6" */;
			buildPhases = (
				67C66FBB28A08FEC00EB965A /* Sources */,
				67C66FBC28A08FEC00EB965A /* Frameworks */,
				67C66FBD28A08FEC00EB965A /* Resources */,
			);
			buildRules = (
			);
			dependencies = (
			);
			name = SeSAC2Week6;
			packageProductDependencies = (
				67C66FD728A0901800EB965A /* Alamofire */,
				67C66FDA28A0902600EB965A /* SwiftyJSON */,
				67C66FDD28A0905400EB965A /* Kingfisher */,
			);
			productName = SeSAC2Week6;
			productReference = 67C66FBF28A08FEC00EB965A /* SeSAC2Week6.app */;
			productType = "com.apple.product-type.application";
		};
/* End PBXNativeTarget section */

/* Begin PBXProject section */
		67C66FB728A08FEC00EB965A /* Project object */ = {
			isa = PBXProject;
			attributes = {
				BuildIndependentTargetsInParallel = 1;
				LastSwiftUpdateCheck = 1340;
				LastUpgradeCheck = 1340;
				TargetAttributes = {
					67C66FBE28A08FEC00EB965A = {
						CreatedOnToolsVersion = 13.4.1;
					};
				};
			};
			buildConfigurationList = 67C66FBA28A08FEC00EB965A /* Build configuration list for PBXProject "SeSAC2Week6" */;
			compatibilityVersion = "Xcode 13.0";
			developmentRegion = en;
			hasScannedForEncodings = 0;
			knownRegions = (
				en,
				Base,
			);
			mainGroup = 67C66FB628A08FEC00EB965A;
			packageReferences = (
				67C66FD628A0901800EB965A /* XCRemoteSwiftPackageReference "Alamofire" */,
				67C66FD928A0902600EB965A /* XCRemoteSwiftPackageReference "SwiftyJSON" */,
				67C66FDC28A0905400EB965A /* XCRemoteSwiftPackageReference "Kingfisher" */,
			);
			productRefGroup = 67C66FC028A08FEC00EB965A /* Products */;
			projectDirPath = "";
			projectRoot = "";
			targets = (
				67C66FBE28A08FEC00EB965A /* SeSAC2Week6 */,
			);
		};
/* End PBXProject section */

/* Begin PBXResourcesBuildPhase section */
		67C66FBD28A08FEC00EB965A /* Resources */ = {
			isa = PBXResourcesBuildPhase;
			buildActionMask = 2147483647;
			files = (
				67C66FCF28A08FED00EB965A /* LaunchScreen.storyboard in Resources */,
				672E041428A1F36F00BE3D2F /* CardCollectionViewCell.xib in Resources */,
				67C66FCC28A08FED00EB965A /* Assets.xcassets in Resources */,
				672E040E28A1E60200BE3D2F /* CardView.xib in Resources */,
				67C66FCA28A08FEC00EB965A /* Main.storyboard in Resources */,
			);
			runOnlyForDeploymentPostprocessing = 0;
		};
/* End PBXResourcesBuildPhase section */

/* Begin PBXSourcesBuildPhase section */
		67C66FBB28A08FEC00EB965A /* Sources */ = {
			isa = PBXSourcesBuildPhase;
			buildActionMask = 2147483647;
			files = (
				672E041828A1FC2900BE3D2F /* MainTableViewCell.swift in Sources */,
				67C66FC728A08FEC00EB965A /* ViewController.swift in Sources */,
				67C66FC328A08FEC00EB965A /* AppDelegate.swift in Sources */,
				67AD246328A3308800B225C1 /* ReuseableViewProtocol.swift in Sources */,
				67C66FE928A0ABFA00EB965A /* ClosureViewController.swift in Sources */,
				672E041628A1F63C00BE3D2F /* MainViewController.swift in Sources */,
				672E041328A1F36F00BE3D2F /* CardCollectionViewCell.swift in Sources */,
				67C66FE528A0951300EB965A /* URL+Extension.swift in Sources */,
				67AD246528A343E700B225C1 /* TMDAPIManager.swift in Sources */,
				672E041028A1E64700BE3D2F /* CardView.swift in Sources */,
				67C66FE028A0911100EB965A /* APIKey.swift in Sources */,
				672E040C28A1E03400BE3D2F /* SeSACButton.swift in Sources */,
				67C66FE728A0A78C00EB965A /* KakaoAPIManager.swift in Sources */,
				67C66FC528A08FEC00EB965A /* SceneDelegate.swift in Sources */,
				67C66FE328A0949E00EB965A /* Endpoint.swift in Sources */,
				67B6266B28A4939C006D6E91 /* MapViewController.swift in Sources */,
			);
			runOnlyForDeploymentPostprocessing = 0;
		};
/* End PBXSourcesBuildPhase section */

/* Begin PBXVariantGroup section */
		67C66FC828A08FEC00EB965A /* Main.storyboard */ = {
			isa = PBXVariantGroup;
			children = (
				67C66FC928A08FEC00EB965A /* Base */,
			);
			name = Main.storyboard;
			sourceTree = "<group>";
		};
		67C66FCD28A08FED00EB965A /* LaunchScreen.storyboard */ = {
			isa = PBXVariantGroup;
			children = (
				67C66FCE28A08FED00EB965A /* Base */,
			);
			name = LaunchScreen.storyboard;
			sourceTree = "<group>";
		};
/* End PBXVariantGroup section */

/* Begin XCBuildConfiguration section */
		67C66FD128A08FED00EB965A /* Debug */ = {
			isa = XCBuildConfiguration;
			buildSettings = {
				ALWAYS_SEARCH_USER_PATHS = NO;
				CLANG_ANALYZER_NONNULL = YES;
				CLANG_ANALYZER_NUMBER_OBJECT_CONVERSION = YES_AGGRESSIVE;
				CLANG_CXX_LANGUAGE_STANDARD = "gnu++17";
				CLANG_ENABLE_MODULES = YES;
				CLANG_ENABLE_OBJC_ARC = YES;
				CLANG_ENABLE_OBJC_WEAK = YES;
				CLANG_WARN_BLOCK_CAPTURE_AUTORELEASING = YES;
				CLANG_WARN_BOOL_CONVERSION = YES;
				CLANG_WARN_COMMA = YES;
				CLANG_WARN_CONSTANT_CONVERSION = YES;
				CLANG_WARN_DEPRECATED_OBJC_IMPLEMENTATIONS = YES;
				CLANG_WARN_DIRECT_OBJC_ISA_USAGE = YES_ERROR;
				CLANG_WARN_DOCUMENTATION_COMMENTS = YES;
				CLANG_WARN_EMPTY_BODY = YES;
				CLANG_WARN_ENUM_CONVERSION = YES;
				CLANG_WARN_INFINITE_RECURSION = YES;
				CLANG_WARN_INT_CONVERSION = YES;
				CLANG_WARN_NON_LITERAL_NULL_CONVERSION = YES;
				CLANG_WARN_OBJC_IMPLICIT_RETAIN_SELF = YES;
				CLANG_WARN_OBJC_LITERAL_CONVERSION = YES;
				CLANG_WARN_OBJC_ROOT_CLASS = YES_ERROR;
				CLANG_WARN_QUOTED_INCLUDE_IN_FRAMEWORK_HEADER = YES;
				CLANG_WARN_RANGE_LOOP_ANALYSIS = YES;
				CLANG_WARN_STRICT_PROTOTYPES = YES;
				CLANG_WARN_SUSPICIOUS_MOVE = YES;
				CLANG_WARN_UNGUARDED_AVAILABILITY = YES_AGGRESSIVE;
				CLANG_WARN_UNREACHABLE_CODE = YES;
				CLANG_WARN__DUPLICATE_METHOD_MATCH = YES;
				COPY_PHASE_STRIP = NO;
				DEBUG_INFORMATION_FORMAT = dwarf;
				ENABLE_STRICT_OBJC_MSGSEND = YES;
				ENABLE_TESTABILITY = YES;
				GCC_C_LANGUAGE_STANDARD = gnu11;
				GCC_DYNAMIC_NO_PIC = NO;
				GCC_NO_COMMON_BLOCKS = YES;
				GCC_OPTIMIZATION_LEVEL = 0;
				GCC_PREPROCESSOR_DEFINITIONS = (
					"DEBUG=1",
					"$(inherited)",
				);
				GCC_WARN_64_TO_32_BIT_CONVERSION = YES;
				GCC_WARN_ABOUT_RETURN_TYPE = YES_ERROR;
				GCC_WARN_UNDECLARED_SELECTOR = YES;
				GCC_WARN_UNINITIALIZED_AUTOS = YES_AGGRESSIVE;
				GCC_WARN_UNUSED_FUNCTION = YES;
				GCC_WARN_UNUSED_VARIABLE = YES;
				IPHONEOS_DEPLOYMENT_TARGET = 15.5;
				MTL_ENABLE_DEBUG_INFO = INCLUDE_SOURCE;
				MTL_FAST_MATH = YES;
				ONLY_ACTIVE_ARCH = YES;
				SDKROOT = iphoneos;
				SWIFT_ACTIVE_COMPILATION_CONDITIONS = DEBUG;
				SWIFT_OPTIMIZATION_LEVEL = "-Onone";
			};
			name = Debug;
		};
		67C66FD228A08FED00EB965A /* Release */ = {
			isa = XCBuildConfiguration;
			buildSettings = {
				ALWAYS_SEARCH_USER_PATHS = NO;
				CLANG_ANALYZER_NONNULL = YES;
				CLANG_ANALYZER_NUMBER_OBJECT_CONVERSION = YES_AGGRESSIVE;
				CLANG_CXX_LANGUAGE_STANDARD = "gnu++17";
				CLANG_ENABLE_MODULES = YES;
				CLANG_ENABLE_OBJC_ARC = YES;
				CLANG_ENABLE_OBJC_WEAK = YES;
				CLANG_WARN_BLOCK_CAPTURE_AUTORELEASING = YES;
				CLANG_WARN_BOOL_CONVERSION = YES;
				CLANG_WARN_COMMA = YES;
				CLANG_WARN_CONSTANT_CONVERSION = YES;
				CLANG_WARN_DEPRECATED_OBJC_IMPLEMENTATIONS = YES;
				CLANG_WARN_DIRECT_OBJC_ISA_USAGE = YES_ERROR;
				CLANG_WARN_DOCUMENTATION_COMMENTS = YES;
				CLANG_WARN_EMPTY_BODY = YES;
				CLANG_WARN_ENUM_CONVERSION = YES;
				CLANG_WARN_INFINITE_RECURSION = YES;
				CLANG_WARN_INT_CONVERSION = YES;
				CLANG_WARN_NON_LITERAL_NULL_CONVERSION = YES;
				CLANG_WARN_OBJC_IMPLICIT_RETAIN_SELF = YES;
				CLANG_WARN_OBJC_LITERAL_CONVERSION = YES;
				CLANG_WARN_OBJC_ROOT_CLASS = YES_ERROR;
				CLANG_WARN_QUOTED_INCLUDE_IN_FRAMEWORK_HEADER = YES;
				CLANG_WARN_RANGE_LOOP_ANALYSIS = YES;
				CLANG_WARN_STRICT_PROTOTYPES = YES;
				CLANG_WARN_SUSPICIOUS_MOVE = YES;
				CLANG_WARN_UNGUARDED_AVAILABILITY = YES_AGGRESSIVE;
				CLANG_WARN_UNREACHABLE_CODE = YES;
				CLANG_WARN__DUPLICATE_METHOD_MATCH = YES;
				COPY_PHASE_STRIP = NO;
				DEBUG_INFORMATION_FORMAT = "dwarf-with-dsym";
				ENABLE_NS_ASSERTIONS = NO;
				ENABLE_STRICT_OBJC_MSGSEND = YES;
				GCC_C_LANGUAGE_STANDARD = gnu11;
				GCC_NO_COMMON_BLOCKS = YES;
				GCC_WARN_64_TO_32_BIT_CONVERSION = YES;
				GCC_WARN_ABOUT_RETURN_TYPE = YES_ERROR;
				GCC_WARN_UNDECLARED_SELECTOR = YES;
				GCC_WARN_UNINITIALIZED_AUTOS = YES_AGGRESSIVE;
				GCC_WARN_UNUSED_FUNCTION = YES;
				GCC_WARN_UNUSED_VARIABLE = YES;
				IPHONEOS_DEPLOYMENT_TARGET = 15.5;
				MTL_ENABLE_DEBUG_INFO = NO;
				MTL_FAST_MATH = YES;
				SDKROOT = iphoneos;
				SWIFT_COMPILATION_MODE = wholemodule;
				SWIFT_OPTIMIZATION_LEVEL = "-O";
				VALIDATE_PRODUCT = YES;
			};
			name = Release;
		};
		67C66FD428A08FED00EB965A /* Debug */ = {
			isa = XCBuildConfiguration;
			buildSettings = {
				ASSETCATALOG_COMPILER_APPICON_NAME = AppIcon;
				ASSETCATALOG_COMPILER_GLOBAL_ACCENT_COLOR_NAME = AccentColor;
				CODE_SIGN_STYLE = Automatic;
				CURRENT_PROJECT_VERSION = 1;
				DEVELOPMENT_TEAM = XXJ2YB9QP5;
				GENERATE_INFOPLIST_FILE = YES;
				INFOPLIST_FILE = SeSAC2Week6/Info.plist;
				INFOPLIST_KEY_UIApplicationSupportsIndirectInputEvents = YES;
				INFOPLIST_KEY_UILaunchStoryboardName = LaunchScreen;
				INFOPLIST_KEY_UIMainStoryboardFile = Main;
				INFOPLIST_KEY_UISupportedInterfaceOrientations = UIInterfaceOrientationPortrait;
				INFOPLIST_KEY_UISupportedInterfaceOrientations_iPad = "UIInterfaceOrientationPortrait UIInterfaceOrientationPortraitUpsideDown UIInterfaceOrientationLandscapeLeft UIInterfaceOrientationLandscapeRight";
				INFOPLIST_KEY_UISupportedInterfaceOrientations_iPhone = "UIInterfaceOrientationPortrait UIInterfaceOrientationLandscapeLeft UIInterfaceOrientationLandscapeRight";
				IPHONEOS_DEPLOYMENT_TARGET = 15.0;
				LD_RUNPATH_SEARCH_PATHS = (
					"$(inherited)",
					"@executable_path/Frameworks",
				);
				MARKETING_VERSION = 1.0;
				PRODUCT_BUNDLE_IDENTIFIER = com.sesac.SeSAC2Week6;
				PRODUCT_NAME = "$(TARGET_NAME)";
				SWIFT_EMIT_LOC_STRINGS = YES;
				SWIFT_VERSION = 5.0;
				TARGETED_DEVICE_FAMILY = 1;
			};
			name = Debug;
		};
		67C66FD528A08FED00EB965A /* Release */ = {
			isa = XCBuildConfiguration;
			buildSettings = {
				ASSETCATALOG_COMPILER_APPICON_NAME = AppIcon;
				ASSETCATALOG_COMPILER_GLOBAL_ACCENT_COLOR_NAME = AccentColor;
				CODE_SIGN_STYLE = Automatic;
				CURRENT_PROJECT_VERSION = 1;
				DEVELOPMENT_TEAM = XXJ2YB9QP5;
				GENERATE_INFOPLIST_FILE = YES;
				INFOPLIST_FILE = SeSAC2Week6/Info.plist;
				INFOPLIST_KEY_UIApplicationSupportsIndirectInputEvents = YES;
				INFOPLIST_KEY_UILaunchStoryboardName = LaunchScreen;
				INFOPLIST_KEY_UIMainStoryboardFile = Main;
				INFOPLIST_KEY_UISupportedInterfaceOrientations = UIInterfaceOrientationPortrait;
				INFOPLIST_KEY_UISupportedInterfaceOrientations_iPad = "UIInterfaceOrientationPortrait UIInterfaceOrientationPortraitUpsideDown UIInterfaceOrientationLandscapeLeft UIInterfaceOrientationLandscapeRight";
				INFOPLIST_KEY_UISupportedInterfaceOrientations_iPhone = "UIInterfaceOrientationPortrait UIInterfaceOrientationLandscapeLeft UIInterfaceOrientationLandscapeRight";
				IPHONEOS_DEPLOYMENT_TARGET = 15.0;
				LD_RUNPATH_SEARCH_PATHS = (
					"$(inherited)",
					"@executable_path/Frameworks",
				);
				MARKETING_VERSION = 1.0;
				PRODUCT_BUNDLE_IDENTIFIER = com.sesac.SeSAC2Week6;
				PRODUCT_NAME = "$(TARGET_NAME)";
				SWIFT_EMIT_LOC_STRINGS = YES;
				SWIFT_VERSION = 5.0;
				TARGETED_DEVICE_FAMILY = 1;
			};
			name = Release;
		};
/* End XCBuildConfiguration section */

/* Begin XCConfigurationList section */
		67C66FBA28A08FEC00EB965A /* Build configuration list for PBXProject "SeSAC2Week6" */ = {
			isa = XCConfigurationList;
			buildConfigurations = (
				67C66FD128A08FED00EB965A /* Debug */,
				67C66FD228A08FED00EB965A /* Release */,
			);
			defaultConfigurationIsVisible = 0;
			defaultConfigurationName = Release;
		};
		67C66FD328A08FED00EB965A /* Build configuration list for PBXNativeTarget "SeSAC2Week6" */ = {
			isa = XCConfigurationList;
			buildConfigurations = (
				67C66FD428A08FED00EB965A /* Debug */,
				67C66FD528A08FED00EB965A /* Release */,
			);
			defaultConfigurationIsVisible = 0;
			defaultConfigurationName = Release;
		};
/* End XCConfigurationList section */

/* Begin XCRemoteSwiftPackageReference section */
		67C66FD628A0901800EB965A /* XCRemoteSwiftPackageReference "Alamofire" */ = {
			isa = XCRemoteSwiftPackageReference;
			repositoryURL = "https://github.com/Alamofire/Alamofire.git";
			requirement = {
				kind = upToNextMajorVersion;
				minimumVersion = 5.0.0;
			};
		};
		67C66FD928A0902600EB965A /* XCRemoteSwiftPackageReference "SwiftyJSON" */ = {
			isa = XCRemoteSwiftPackageReference;
			repositoryURL = "https://github.com/SwiftyJSON/SwiftyJSON.git";
			requirement = {
				kind = upToNextMajorVersion;
				minimumVersion = 5.0.0;
			};
		};
		67C66FDC28A0905400EB965A /* XCRemoteSwiftPackageReference "Kingfisher" */ = {
			isa = XCRemoteSwiftPackageReference;
			repositoryURL = "https://github.com/onevcat/Kingfisher.git";
			requirement = {
				kind = upToNextMajorVersion;
				minimumVersion = 7.0.0;
			};
		};
/* End XCRemoteSwiftPackageReference section */

/* Begin XCSwiftPackageProductDependency section */
		67C66FD728A0901800EB965A /* Alamofire */ = {
			isa = XCSwiftPackageProductDependency;
			package = 67C66FD628A0901800EB965A /* XCRemoteSwiftPackageReference "Alamofire" */;
			productName = Alamofire;
		};
		67C66FDA28A0902600EB965A /* SwiftyJSON */ = {
			isa = XCSwiftPackageProductDependency;
			package = 67C66FD928A0902600EB965A /* XCRemoteSwiftPackageReference "SwiftyJSON" */;
			productName = SwiftyJSON;
		};
		67C66FDD28A0905400EB965A /* Kingfisher */ = {
			isa = XCSwiftPackageProductDependency;
			package = 67C66FDC28A0905400EB965A /* XCRemoteSwiftPackageReference "Kingfisher" */;
			productName = Kingfisher;
		};
/* End XCSwiftPackageProductDependency section */
	};
	rootObject = 67C66FB728A08FEC00EB965A /* Project object */;
}
