// !$*UTF8*$!
{
	archiveVersion = 1;
	classes = {
	};
	objectVersion = 55;
	objects = {

/* Begin PBXBuildFile section */
		6766860A28864544006690E7 /* UIViewController+extension.swift in Sources */ = {isa = PBXBuildFile; fileRef = 6766860928864544006690E7 /* UIViewController+extension.swift */; };
		6766860C28864556006690E7 /* SearchViewController.swift in Sources */ = {isa = PBXBuildFile; fileRef = 6766860B28864556006690E7 /* SearchViewController.swift */; };
		6766860E28864591006690E7 /* TrendViewController.swift in Sources */ = {isa = PBXBuildFile; fileRef = 6766860D28864591006690E7 /* TrendViewController.swift */; };
		676686122886479A006690E7 /* UITextField+Extension.swift in Sources */ = {isa = PBXBuildFile; fileRef = 676686112886479A006690E7 /* UITextField+Extension.swift */; };
		6766861428864B98006690E7 /* BucketlistTableViewController.swift in Sources */ = {isa = PBXBuildFile; fileRef = 6766861328864B98006690E7 /* BucketlistTableViewController.swift */; };
		6766861628864D99006690E7 /* BucketlistTableViewCell.swift in Sources */ = {isa = PBXBuildFile; fileRef = 6766861528864D99006690E7 /* BucketlistTableViewCell.swift */; };
		6766861A288696FE006690E7 /* ShoppingTableViewController.swift in Sources */ = {isa = PBXBuildFile; fileRef = 67668619288696FE006690E7 /* ShoppingTableViewController.swift */; };
		6766861C28869714006690E7 /* Shopping.storyboard in Resources */ = {isa = PBXBuildFile; fileRef = 6766861B28869714006690E7 /* Shopping.storyboard */; };
		67CD873028851DDD008FC5D5 /* AppDelegate.swift in Sources */ = {isa = PBXBuildFile; fileRef = 67CD872F28851DDD008FC5D5 /* AppDelegate.swift */; };
		67CD873228851DDD008FC5D5 /* SceneDelegate.swift in Sources */ = {isa = PBXBuildFile; fileRef = 67CD873128851DDD008FC5D5 /* SceneDelegate.swift */; };
		67CD873928851DDE008FC5D5 /* Assets.xcassets in Resources */ = {isa = PBXBuildFile; fileRef = 67CD873828851DDE008FC5D5 /* Assets.xcassets */; };
		67CD873C28851DDE008FC5D5 /* LaunchScreen.storyboard in Resources */ = {isa = PBXBuildFile; fileRef = 67CD873A28851DDE008FC5D5 /* LaunchScreen.storyboard */; };
		67CD874428851E03008FC5D5 /* Setting.storyboard in Resources */ = {isa = PBXBuildFile; fileRef = 67CD874328851E03008FC5D5 /* Setting.storyboard */; };
		67CD874628852557008FC5D5 /* Main.storyboard in Resources */ = {isa = PBXBuildFile; fileRef = 67CD874528852557008FC5D5 /* Main.storyboard */; };
		67CD87482885657D008FC5D5 /* TableViewController.swift in Sources */ = {isa = PBXBuildFile; fileRef = 67CD87472885657D008FC5D5 /* TableViewController.swift */; };
		67CD874A28864029008FC5D5 /* Search.storyboard in Resources */ = {isa = PBXBuildFile; fileRef = 67CD874928864029008FC5D5 /* Search.storyboard */; };
		67CD874C28864045008FC5D5 /* Trend.storyboard in Resources */ = {isa = PBXBuildFile; fileRef = 67CD874B28864045008FC5D5 /* Trend.storyboard */; };
		67CD874E28864079008FC5D5 /* intro.storyboard in Resources */ = {isa = PBXBuildFile; fileRef = 67CD874D28864079008FC5D5 /* intro.storyboard */; };
/* End PBXBuildFile section */

/* Begin PBXFileReference section */
		6766860928864544006690E7 /* UIViewController+extension.swift */ = {isa = PBXFileReference; lastKnownFileType = sourcecode.swift; path = "UIViewController+extension.swift"; sourceTree = "<group>"; };
		6766860B28864556006690E7 /* SearchViewController.swift */ = {isa = PBXFileReference; lastKnownFileType = sourcecode.swift; path = SearchViewController.swift; sourceTree = "<group>"; };
		6766860D28864591006690E7 /* TrendViewController.swift */ = {isa = PBXFileReference; lastKnownFileType = sourcecode.swift; path = TrendViewController.swift; sourceTree = "<group>"; };
		676686112886479A006690E7 /* UITextField+Extension.swift */ = {isa = PBXFileReference; lastKnownFileType = sourcecode.swift; path = "UITextField+Extension.swift"; sourceTree = "<group>"; };
		6766861328864B98006690E7 /* BucketlistTableViewController.swift */ = {isa = PBXFileReference; lastKnownFileType = sourcecode.swift; path = BucketlistTableViewController.swift; sourceTree = "<group>"; };
		6766861528864D99006690E7 /* BucketlistTableViewCell.swift */ = {isa = PBXFileReference; lastKnownFileType = sourcecode.swift; path = BucketlistTableViewCell.swift; sourceTree = "<group>"; };
		67668619288696FE006690E7 /* ShoppingTableViewController.swift */ = {isa = PBXFileReference; lastKnownFileType = sourcecode.swift; path = ShoppingTableViewController.swift; sourceTree = "<group>"; };
		6766861B28869714006690E7 /* Shopping.storyboard */ = {isa = PBXFileReference; lastKnownFileType = file.storyboard; path = Shopping.storyboard; sourceTree = "<group>"; };
		67CD872C28851DDD008FC5D5 /* SettingProject.app */ = {isa = PBXFileReference; explicitFileType = wrapper.application; includeInIndex = 0; path = SettingProject.app; sourceTree = BUILT_PRODUCTS_DIR; };
		67CD872F28851DDD008FC5D5 /* AppDelegate.swift */ = {isa = PBXFileReference; lastKnownFileType = sourcecode.swift; path = AppDelegate.swift; sourceTree = "<group>"; };
		67CD873128851DDD008FC5D5 /* SceneDelegate.swift */ = {isa = PBXFileReference; lastKnownFileType = sourcecode.swift; path = SceneDelegate.swift; sourceTree = "<group>"; };
		67CD873828851DDE008FC5D5 /* Assets.xcassets */ = {isa = PBXFileReference; lastKnownFileType = folder.assetcatalog; path = Assets.xcassets; sourceTree = "<group>"; };
		67CD873B28851DDE008FC5D5 /* Base */ = {isa = PBXFileReference; lastKnownFileType = file.storyboard; name = Base; path = Base.lproj/LaunchScreen.storyboard; sourceTree = "<group>"; };
		67CD873D28851DDE008FC5D5 /* Info.plist */ = {isa = PBXFileReference; lastKnownFileType = text.plist.xml; path = Info.plist; sourceTree = "<group>"; };
		67CD874328851E03008FC5D5 /* Setting.storyboard */ = {isa = PBXFileReference; lastKnownFileType = file.storyboard; path = Setting.storyboard; sourceTree = "<group>"; };
		67CD874528852557008FC5D5 /* Main.storyboard */ = {isa = PBXFileReference; lastKnownFileType = file.storyboard; path = Main.storyboard; sourceTree = "<group>"; };
		67CD87472885657D008FC5D5 /* TableViewController.swift */ = {isa = PBXFileReference; lastKnownFileType = sourcecode.swift; path = TableViewController.swift; sourceTree = "<group>"; };
		67CD874928864029008FC5D5 /* Search.storyboard */ = {isa = PBXFileReference; lastKnownFileType = file.storyboard; path = Search.storyboard; sourceTree = "<group>"; };
		67CD874B28864045008FC5D5 /* Trend.storyboard */ = {isa = PBXFileReference; lastKnownFileType = file.storyboard; path = Trend.storyboard; sourceTree = "<group>"; };
		67CD874D28864079008FC5D5 /* intro.storyboard */ = {isa = PBXFileReference; lastKnownFileType = file.storyboard; path = intro.storyboard; sourceTree = "<group>"; };
/* End PBXFileReference section */

/* Begin PBXFrameworksBuildPhase section */
		67CD872928851DDD008FC5D5 /* Frameworks */ = {
			isa = PBXFrameworksBuildPhase;
			buildActionMask = 2147483647;
			files = (
			);
			runOnlyForDeploymentPostprocessing = 0;
		};
/* End PBXFrameworksBuildPhase section */

/* Begin PBXGroup section */
		676686102886474D006690E7 /* New Group */ = {
			isa = PBXGroup;
			children = (
				67CD874328851E03008FC5D5 /* Setting.storyboard */,
				67CD874928864029008FC5D5 /* Search.storyboard */,
				6766860B28864556006690E7 /* SearchViewController.swift */,
				67CD874B28864045008FC5D5 /* Trend.storyboard */,
				6766861528864D99006690E7 /* BucketlistTableViewCell.swift */,
				67668619288696FE006690E7 /* ShoppingTableViewController.swift */,
				6766861B28869714006690E7 /* Shopping.storyboard */,
				6766861328864B98006690E7 /* BucketlistTableViewController.swift */,
				6766860D28864591006690E7 /* TrendViewController.swift */,
				6766860928864544006690E7 /* UIViewController+extension.swift */,
				67CD874D28864079008FC5D5 /* intro.storyboard */,
				676686112886479A006690E7 /* UITextField+Extension.swift */,
				67CD87472885657D008FC5D5 /* TableViewController.swift */,
			);
			path = "New Group";
			sourceTree = "<group>";
		};
		67CD872328851DDD008FC5D5 = {
			isa = PBXGroup;
			children = (
				67CD872E28851DDD008FC5D5 /* SettingProject */,
				67CD872D28851DDD008FC5D5 /* Products */,
			);
			sourceTree = "<group>";
		};
		67CD872D28851DDD008FC5D5 /* Products */ = {
			isa = PBXGroup;
			children = (
				67CD872C28851DDD008FC5D5 /* SettingProject.app */,
			);
			name = Products;
			sourceTree = "<group>";
		};
		67CD872E28851DDD008FC5D5 /* SettingProject */ = {
			isa = PBXGroup;
			children = (
				676686102886474D006690E7 /* New Group */,
				67CD872F28851DDD008FC5D5 /* AppDelegate.swift */,
				67CD874528852557008FC5D5 /* Main.storyboard */,
				67CD873128851DDD008FC5D5 /* SceneDelegate.swift */,
				67CD873828851DDE008FC5D5 /* Assets.xcassets */,
				67CD873A28851DDE008FC5D5 /* LaunchScreen.storyboard */,
				67CD873D28851DDE008FC5D5 /* Info.plist */,
			);
			path = SettingProject;
			sourceTree = "<group>";
		};
/* End PBXGroup section */

/* Begin PBXNativeTarget section */
		67CD872B28851DDD008FC5D5 /* SettingProject */ = {
			isa = PBXNativeTarget;
			buildConfigurationList = 67CD874028851DDE008FC5D5 /* Build configuration list for PBXNativeTarget "SettingProject" */;
			buildPhases = (
				67CD872828851DDD008FC5D5 /* Sources */,
				67CD872928851DDD008FC5D5 /* Frameworks */,
				67CD872A28851DDD008FC5D5 /* Resources */,
			);
			buildRules = (
			);
			dependencies = (
			);
			name = SettingProject;
			productName = SettingProject;
			productReference = 67CD872C28851DDD008FC5D5 /* SettingProject.app */;
			productType = "com.apple.product-type.application";
		};
/* End PBXNativeTarget section */

/* Begin PBXProject section */
		67CD872428851DDD008FC5D5 /* Project object */ = {
			isa = PBXProject;
			attributes = {
				BuildIndependentTargetsInParallel = 1;
				LastSwiftUpdateCheck = 1340;
				LastUpgradeCheck = 1340;
				TargetAttributes = {
					67CD872B28851DDD008FC5D5 = {
						CreatedOnToolsVersion = 13.4.1;
					};
				};
			};
			buildConfigurationList = 67CD872728851DDD008FC5D5 /* Build configuration list for PBXProject "SettingProject" */;
			compatibilityVersion = "Xcode 13.0";
			developmentRegion = en;
			hasScannedForEncodings = 0;
			knownRegions = (
				en,
				Base,
			);
			mainGroup = 67CD872328851DDD008FC5D5;
			productRefGroup = 67CD872D28851DDD008FC5D5 /* Products */;
			projectDirPath = "";
			projectRoot = "";
			targets = (
				67CD872B28851DDD008FC5D5 /* SettingProject */,
			);
		};
/* End PBXProject section */

/* Begin PBXResourcesBuildPhase section */
		67CD872A28851DDD008FC5D5 /* Resources */ = {
			isa = PBXResourcesBuildPhase;
			buildActionMask = 2147483647;
			files = (
				67CD873C28851DDE008FC5D5 /* LaunchScreen.storyboard in Resources */,
				67CD873928851DDE008FC5D5 /* Assets.xcassets in Resources */,
				6766861C28869714006690E7 /* Shopping.storyboard in Resources */,
				67CD874E28864079008FC5D5 /* intro.storyboard in Resources */,
				67CD874428851E03008FC5D5 /* Setting.storyboard in Resources */,
				67CD874628852557008FC5D5 /* Main.storyboard in Resources */,
				67CD874C28864045008FC5D5 /* Trend.storyboard in Resources */,
				67CD874A28864029008FC5D5 /* Search.storyboard in Resources */,
			);
			runOnlyForDeploymentPostprocessing = 0;
		};
/* End PBXResourcesBuildPhase section */

/* Begin PBXSourcesBuildPhase section */
		67CD872828851DDD008FC5D5 /* Sources */ = {
			isa = PBXSourcesBuildPhase;
			buildActionMask = 2147483647;
			files = (
				6766860C28864556006690E7 /* SearchViewController.swift in Sources */,
				6766860A28864544006690E7 /* UIViewController+extension.swift in Sources */,
				676686122886479A006690E7 /* UITextField+Extension.swift in Sources */,
				6766861A288696FE006690E7 /* ShoppingTableViewController.swift in Sources */,
				67CD873028851DDD008FC5D5 /* AppDelegate.swift in Sources */,
				6766861628864D99006690E7 /* BucketlistTableViewCell.swift in Sources */,
				67CD87482885657D008FC5D5 /* TableViewController.swift in Sources */,
				6766860E28864591006690E7 /* TrendViewController.swift in Sources */,
				67CD873228851DDD008FC5D5 /* SceneDelegate.swift in Sources */,
				6766861428864B98006690E7 /* BucketlistTableViewController.swift in Sources */,
			);
			runOnlyForDeploymentPostprocessing = 0;
		};
/* End PBXSourcesBuildPhase section */

/* Begin PBXVariantGroup section */
		67CD873A28851DDE008FC5D5 /* LaunchScreen.storyboard */ = {
			isa = PBXVariantGroup;
			children = (
				67CD873B28851DDE008FC5D5 /* Base */,
			);
			name = LaunchScreen.storyboard;
			sourceTree = "<group>";
		};
/* End PBXVariantGroup section */

/* Begin XCBuildConfiguration section */
		67CD873E28851DDE008FC5D5 /* Debug */ = {
			isa = XCBuildConfiguration;
			buildSettings = {
				ALWAYS_SEARCH_USER_PATHS = NO;
				CLANG_ANALYZER_NONNULL = YES;
				CLANG_ANALYZER_NUMBER_OBJECT_CONVERSION = YES_AGGRESSIVE;
				CLANG_CXX_LANGUAGE_STANDARD = "gnu++17";
				CLANG_ENABLE_MODULES = YES;
				CLANG_ENABLE_OBJC_ARC = YES;
				CLANG_ENABLE_OBJC_WEAK = YES;
				CLANG_WARN_BLOCK_CAPTURE_AUTORELEASING = YES;
				CLANG_WARN_BOOL_CONVERSION = YES;
				CLANG_WARN_COMMA = YES;
				CLANG_WARN_CONSTANT_CONVERSION = YES;
				CLANG_WARN_DEPRECATED_OBJC_IMPLEMENTATIONS = YES;
				CLANG_WARN_DIRECT_OBJC_ISA_USAGE = YES_ERROR;
				CLANG_WARN_DOCUMENTATION_COMMENTS = YES;
				CLANG_WARN_EMPTY_BODY = YES;
				CLANG_WARN_ENUM_CONVERSION = YES;
				CLANG_WARN_INFINITE_RECURSION = YES;
				CLANG_WARN_INT_CONVERSION = YES;
				CLANG_WARN_NON_LITERAL_NULL_CONVERSION = YES;
				CLANG_WARN_OBJC_IMPLICIT_RETAIN_SELF = YES;
				CLANG_WARN_OBJC_LITERAL_CONVERSION = YES;
				CLANG_WARN_OBJC_ROOT_CLASS = YES_ERROR;
				CLANG_WARN_QUOTED_INCLUDE_IN_FRAMEWORK_HEADER = YES;
				CLANG_WARN_RANGE_LOOP_ANALYSIS = YES;
				CLANG_WARN_STRICT_PROTOTYPES = YES;
				CLANG_WARN_SUSPICIOUS_MOVE = YES;
				CLANG_WARN_UNGUARDED_AVAILABILITY = YES_AGGRESSIVE;
				CLANG_WARN_UNREACHABLE_CODE = YES;
				CLANG_WARN__DUPLICATE_METHOD_MATCH = YES;
				COPY_PHASE_STRIP = NO;
				DEBUG_INFORMATION_FORMAT = dwarf;
				ENABLE_STRICT_OBJC_MSGSEND = YES;
				ENABLE_TESTABILITY = YES;
				GCC_C_LANGUAGE_STANDARD = gnu11;
				GCC_DYNAMIC_NO_PIC = NO;
				GCC_NO_COMMON_BLOCKS = YES;
				GCC_OPTIMIZATION_LEVEL = 0;
				GCC_PREPROCESSOR_DEFINITIONS = (
					"DEBUG=1",
					"$(inherited)",
				);
				GCC_WARN_64_TO_32_BIT_CONVERSION = YES;
				GCC_WARN_ABOUT_RETURN_TYPE = YES_ERROR;
				GCC_WARN_UNDECLARED_SELECTOR = YES;
				GCC_WARN_UNINITIALIZED_AUTOS = YES_AGGRESSIVE;
				GCC_WARN_UNUSED_FUNCTION = YES;
				GCC_WARN_UNUSED_VARIABLE = YES;
				IPHONEOS_DEPLOYMENT_TARGET = 15.5;
				MTL_ENABLE_DEBUG_INFO = INCLUDE_SOURCE;
				MTL_FAST_MATH = YES;
				ONLY_ACTIVE_ARCH = YES;
				SDKROOT = iphoneos;
				SWIFT_ACTIVE_COMPILATION_CONDITIONS = DEBUG;
				SWIFT_OPTIMIZATION_LEVEL = "-Onone";
			};
			name = Debug;
		};
		67CD873F28851DDE008FC5D5 /* Release */ = {
			isa = XCBuildConfiguration;
			buildSettings = {
				ALWAYS_SEARCH_USER_PATHS = NO;
				CLANG_ANALYZER_NONNULL = YES;
				CLANG_ANALYZER_NUMBER_OBJECT_CONVERSION = YES_AGGRESSIVE;
				CLANG_CXX_LANGUAGE_STANDARD = "gnu++17";
				CLANG_ENABLE_MODULES = YES;
				CLANG_ENABLE_OBJC_ARC = YES;
				CLANG_ENABLE_OBJC_WEAK = YES;
				CLANG_WARN_BLOCK_CAPTURE_AUTORELEASING = YES;
				CLANG_WARN_BOOL_CONVERSION = YES;
				CLANG_WARN_COMMA = YES;
				CLANG_WARN_CONSTANT_CONVERSION = YES;
				CLANG_WARN_DEPRECATED_OBJC_IMPLEMENTATIONS = YES;
				CLANG_WARN_DIRECT_OBJC_ISA_USAGE = YES_ERROR;
				CLANG_WARN_DOCUMENTATION_COMMENTS = YES;
				CLANG_WARN_EMPTY_BODY = YES;
				CLANG_WARN_ENUM_CONVERSION = YES;
				CLANG_WARN_INFINITE_RECURSION = YES;
				CLANG_WARN_INT_CONVERSION = YES;
				CLANG_WARN_NON_LITERAL_NULL_CONVERSION = YES;
				CLANG_WARN_OBJC_IMPLICIT_RETAIN_SELF = YES;
				CLANG_WARN_OBJC_LITERAL_CONVERSION = YES;
				CLANG_WARN_OBJC_ROOT_CLASS = YES_ERROR;
				CLANG_WARN_QUOTED_INCLUDE_IN_FRAMEWORK_HEADER = YES;
				CLANG_WARN_RANGE_LOOP_ANALYSIS = YES;
				CLANG_WARN_STRICT_PROTOTYPES = YES;
				CLANG_WARN_SUSPICIOUS_MOVE = YES;
				CLANG_WARN_UNGUARDED_AVAILABILITY = YES_AGGRESSIVE;
				CLANG_WARN_UNREACHABLE_CODE = YES;
				CLANG_WARN__DUPLICATE_METHOD_MATCH = YES;
				COPY_PHASE_STRIP = NO;
				DEBUG_INFORMATION_FORMAT = "dwarf-with-dsym";
				ENABLE_NS_ASSERTIONS = NO;
				ENABLE_STRICT_OBJC_MSGSEND = YES;
				GCC_C_LANGUAGE_STANDARD = gnu11;
				GCC_NO_COMMON_BLOCKS = YES;
				GCC_WARN_64_TO_32_BIT_CONVERSION = YES;
				GCC_WARN_ABOUT_RETURN_TYPE = YES_ERROR;
				GCC_WARN_UNDECLARED_SELECTOR = YES;
				GCC_WARN_UNINITIALIZED_AUTOS = YES_AGGRESSIVE;
				GCC_WARN_UNUSED_FUNCTION = YES;
				GCC_WARN_UNUSED_VARIABLE = YES;
				IPHONEOS_DEPLOYMENT_TARGET = 15.5;
				MTL_ENABLE_DEBUG_INFO = NO;
				MTL_FAST_MATH = YES;
				SDKROOT = iphoneos;
				SWIFT_COMPILATION_MODE = wholemodule;
				SWIFT_OPTIMIZATION_LEVEL = "-O";
				VALIDATE_PRODUCT = YES;
			};
			name = Release;
		};
		67CD874128851DDE008FC5D5 /* Debug */ = {
			isa = XCBuildConfiguration;
			buildSettings = {
				ASSETCATALOG_COMPILER_APPICON_NAME = AppIcon;
				ASSETCATALOG_COMPILER_GLOBAL_ACCENT_COLOR_NAME = AccentColor;
				CODE_SIGN_STYLE = Automatic;
				CURRENT_PROJECT_VERSION = 1;
				DEVELOPMENT_TEAM = XXJ2YB9QP5;
				GENERATE_INFOPLIST_FILE = YES;
				INFOPLIST_FILE = SettingProject/Info.plist;
				INFOPLIST_KEY_UIApplicationSupportsIndirectInputEvents = YES;
				INFOPLIST_KEY_UILaunchStoryboardName = LaunchScreen;
				INFOPLIST_KEY_UIMainStoryboardFile = Main;
				INFOPLIST_KEY_UISupportedInterfaceOrientations = UIInterfaceOrientationPortrait;
				INFOPLIST_KEY_UISupportedInterfaceOrientations_iPad = "UIInterfaceOrientationPortrait UIInterfaceOrientationPortraitUpsideDown UIInterfaceOrientationLandscapeLeft UIInterfaceOrientationLandscapeRight";
				INFOPLIST_KEY_UISupportedInterfaceOrientations_iPhone = "UIInterfaceOrientationPortrait UIInterfaceOrientationLandscapeLeft UIInterfaceOrientationLandscapeRight";
				LD_RUNPATH_SEARCH_PATHS = (
					"$(inherited)",
					"@executable_path/Frameworks",
				);
				MARKETING_VERSION = 1.0;
				PRODUCT_BUNDLE_IDENTIFIER = com.sesac.SettingProject;
				PRODUCT_NAME = "$(TARGET_NAME)";
				SWIFT_EMIT_LOC_STRINGS = YES;
				SWIFT_VERSION = 5.0;
				TARGETED_DEVICE_FAMILY = 1;
			};
			name = Debug;
		};
		67CD874228851DDE008FC5D5 /* Release */ = {
			isa = XCBuildConfiguration;
			buildSettings = {
				ASSETCATALOG_COMPILER_APPICON_NAME = AppIcon;
				ASSETCATALOG_COMPILER_GLOBAL_ACCENT_COLOR_NAME = AccentColor;
				CODE_SIGN_STYLE = Automatic;
				CURRENT_PROJECT_VERSION = 1;
				DEVELOPMENT_TEAM = XXJ2YB9QP5;
				GENERATE_INFOPLIST_FILE = YES;
				INFOPLIST_FILE = SettingProject/Info.plist;
				INFOPLIST_KEY_UIApplicationSupportsIndirectInputEvents = YES;
				INFOPLIST_KEY_UILaunchStoryboardName = LaunchScreen;
				INFOPLIST_KEY_UIMainStoryboardFile = Main;
				INFOPLIST_KEY_UISupportedInterfaceOrientations = UIInterfaceOrientationPortrait;
				INFOPLIST_KEY_UISupportedInterfaceOrientations_iPad = "UIInterfaceOrientationPortrait UIInterfaceOrientationPortraitUpsideDown UIInterfaceOrientationLandscapeLeft UIInterfaceOrientationLandscapeRight";
				INFOPLIST_KEY_UISupportedInterfaceOrientations_iPhone = "UIInterfaceOrientationPortrait UIInterfaceOrientationLandscapeLeft UIInterfaceOrientationLandscapeRight";
				LD_RUNPATH_SEARCH_PATHS = (
					"$(inherited)",
					"@executable_path/Frameworks",
				);
				MARKETING_VERSION = 1.0;
				PRODUCT_BUNDLE_IDENTIFIER = com.sesac.SettingProject;
				PRODUCT_NAME = "$(TARGET_NAME)";
				SWIFT_EMIT_LOC_STRINGS = YES;
				SWIFT_VERSION = 5.0;
				TARGETED_DEVICE_FAMILY = 1;
			};
			name = Release;
		};
/* End XCBuildConfiguration section */

/* Begin XCConfigurationList section */
		67CD872728851DDD008FC5D5 /* Build configuration list for PBXProject "SettingProject" */ = {
			isa = XCConfigurationList;
			buildConfigurations = (
				67CD873E28851DDE008FC5D5 /* Debug */,
				67CD873F28851DDE008FC5D5 /* Release */,
			);
			defaultConfigurationIsVisible = 0;
			defaultConfigurationName = Release;
		};
		67CD874028851DDE008FC5D5 /* Build configuration list for PBXNativeTarget "SettingProject" */ = {
			isa = XCConfigurationList;
			buildConfigurations = (
				67CD874128851DDE008FC5D5 /* Debug */,
				67CD874228851DDE008FC5D5 /* Release */,
			);
			defaultConfigurationIsVisible = 0;
			defaultConfigurationName = Release;
		};
/* End XCConfigurationList section */
	};
	rootObject = 67CD872428851DDD008FC5D5 /* Project object */;
}
