// !$*UTF8*$!
{
	archiveVersion = 1;
	classes = {
	};
	objectVersion = 56;
	objects = {

/* Begin PBXBuildFile section */
		67025C4628F793BE0022CF2D /* Realm in Frameworks */ = {isa = PBXBuildFile; productRef = 67025C4528F793BE0022CF2D /* Realm */; };
		67025C4828F793BE0022CF2D /* RealmSwift in Frameworks */ = {isa = PBXBuildFile; productRef = 67025C4728F793BE0022CF2D /* RealmSwift */; };
		67025C4A28F799EE0022CF2D /* Todo.swift in Sources */ = {isa = PBXBuildFile; fileRef = 67025C4928F799EE0022CF2D /* Todo.swift */; };
		67025C4C28F79BAE0022CF2D /* MigrationViewController.swift in Sources */ = {isa = PBXBuildFile; fileRef = 67025C4B28F79BAE0022CF2D /* MigrationViewController.swift */; };
		67894C1528ED15F100D13ABE /* AppDelegate.swift in Sources */ = {isa = PBXBuildFile; fileRef = 67894C1428ED15F100D13ABE /* AppDelegate.swift */; };
		67894C1728ED15F100D13ABE /* SceneDelegate.swift in Sources */ = {isa = PBXBuildFile; fileRef = 67894C1628ED15F100D13ABE /* SceneDelegate.swift */; };
		67894C1928ED15F100D13ABE /* ViewController.swift in Sources */ = {isa = PBXBuildFile; fileRef = 67894C1828ED15F100D13ABE /* ViewController.swift */; };
		67894C1C28ED15F100D13ABE /* Main.storyboard in Resources */ = {isa = PBXBuildFile; fileRef = 67894C1A28ED15F100D13ABE /* Main.storyboard */; };
		67894C1E28ED15F200D13ABE /* Assets.xcassets in Resources */ = {isa = PBXBuildFile; fileRef = 67894C1D28ED15F200D13ABE /* Assets.xcassets */; };
		67894C2128ED15F200D13ABE /* LaunchScreen.storyboard in Resources */ = {isa = PBXBuildFile; fileRef = 67894C1F28ED15F200D13ABE /* LaunchScreen.storyboard */; };
		67894C2928ED1D1300D13ABE /* GoogleService-Info.plist in Resources */ = {isa = PBXBuildFile; fileRef = 67894C2828ED1D1300D13ABE /* GoogleService-Info.plist */; };
		67E91B4928F4ED8C007597F5 /* FirebaseAnalyticsWithoutAdIdSupport in Frameworks */ = {isa = PBXBuildFile; productRef = 67E91B4828F4ED8C007597F5 /* FirebaseAnalyticsWithoutAdIdSupport */; };
		67E91B4B28F4ED8C007597F5 /* FirebaseCrashlytics in Frameworks */ = {isa = PBXBuildFile; productRef = 67E91B4A28F4ED8C007597F5 /* FirebaseCrashlytics */; };
		67E91B4D28F4ED8C007597F5 /* FirebaseMessaging in Frameworks */ = {isa = PBXBuildFile; productRef = 67E91B4C28F4ED8C007597F5 /* FirebaseMessaging */; };
/* End PBXBuildFile section */

/* Begin PBXFileReference section */
		67025C4928F799EE0022CF2D /* Todo.swift */ = {isa = PBXFileReference; lastKnownFileType = sourcecode.swift; path = Todo.swift; sourceTree = "<group>"; };
		67025C4B28F79BAE0022CF2D /* MigrationViewController.swift */ = {isa = PBXFileReference; lastKnownFileType = sourcecode.swift; path = MigrationViewController.swift; sourceTree = "<group>"; };
		67894C1128ED15F100D13ABE /* SeSAC2FirebaseExample.app */ = {isa = PBXFileReference; explicitFileType = wrapper.application; includeInIndex = 0; path = SeSAC2FirebaseExample.app; sourceTree = BUILT_PRODUCTS_DIR; };
		67894C1428ED15F100D13ABE /* AppDelegate.swift */ = {isa = PBXFileReference; lastKnownFileType = sourcecode.swift; path = AppDelegate.swift; sourceTree = "<group>"; };
		67894C1628ED15F100D13ABE /* SceneDelegate.swift */ = {isa = PBXFileReference; lastKnownFileType = sourcecode.swift; path = SceneDelegate.swift; sourceTree = "<group>"; };
		67894C1828ED15F100D13ABE /* ViewController.swift */ = {isa = PBXFileReference; lastKnownFileType = sourcecode.swift; path = ViewController.swift; sourceTree = "<group>"; };
		67894C1B28ED15F100D13ABE /* Base */ = {isa = PBXFileReference; lastKnownFileType = file.storyboard; name = Base; path = Base.lproj/Main.storyboard; sourceTree = "<group>"; };
		67894C1D28ED15F200D13ABE /* Assets.xcassets */ = {isa = PBXFileReference; lastKnownFileType = folder.assetcatalog; path = Assets.xcassets; sourceTree = "<group>"; };
		67894C2028ED15F200D13ABE /* Base */ = {isa = PBXFileReference; lastKnownFileType = file.storyboard; name = Base; path = Base.lproj/LaunchScreen.storyboard; sourceTree = "<group>"; };
		67894C2228ED15F200D13ABE /* Info.plist */ = {isa = PBXFileReference; lastKnownFileType = text.plist.xml; path = Info.plist; sourceTree = "<group>"; };
		67894C2828ED1D1300D13ABE /* GoogleService-Info.plist */ = {isa = PBXFileReference; fileEncoding = 4; lastKnownFileType = text.plist.xml; name = "GoogleService-Info.plist"; path = "../../../../Downloads/GoogleService-Info.plist"; sourceTree = "<group>"; };
		67E91B4E28F4F23F007597F5 /* SeSAC2FirebaseExample.entitlements */ = {isa = PBXFileReference; lastKnownFileType = text.plist.entitlements; path = SeSAC2FirebaseExample.entitlements; sourceTree = "<group>"; };
/* End PBXFileReference section */

/* Begin PBXFrameworksBuildPhase section */
		67894C0E28ED15F100D13ABE /* Frameworks */ = {
			isa = PBXFrameworksBuildPhase;
			buildActionMask = 2147483647;
			files = (
				67E91B4D28F4ED8C007597F5 /* FirebaseMessaging in Frameworks */,
				67E91B4928F4ED8C007597F5 /* FirebaseAnalyticsWithoutAdIdSupport in Frameworks */,
				67025C4628F793BE0022CF2D /* Realm in Frameworks */,
				67025C4828F793BE0022CF2D /* RealmSwift in Frameworks */,
				67E91B4B28F4ED8C007597F5 /* FirebaseCrashlytics in Frameworks */,
			);
			runOnlyForDeploymentPostprocessing = 0;
		};
/* End PBXFrameworksBuildPhase section */

/* Begin PBXGroup section */
		67894C0828ED15F100D13ABE = {
			isa = PBXGroup;
			children = (
				67894C1328ED15F100D13ABE /* SeSAC2FirebaseExample */,
				67894C1228ED15F100D13ABE /* Products */,
			);
			sourceTree = "<group>";
		};
		67894C1228ED15F100D13ABE /* Products */ = {
			isa = PBXGroup;
			children = (
				67894C1128ED15F100D13ABE /* SeSAC2FirebaseExample.app */,
			);
			name = Products;
			sourceTree = "<group>";
		};
		67894C1328ED15F100D13ABE /* SeSAC2FirebaseExample */ = {
			isa = PBXGroup;
			children = (
				67E91B4E28F4F23F007597F5 /* SeSAC2FirebaseExample.entitlements */,
				67894C1428ED15F100D13ABE /* AppDelegate.swift */,
				67894C1628ED15F100D13ABE /* SceneDelegate.swift */,
				67894C1828ED15F100D13ABE /* ViewController.swift */,
				67025C4B28F79BAE0022CF2D /* MigrationViewController.swift */,
				67025C4928F799EE0022CF2D /* Todo.swift */,
				67894C1A28ED15F100D13ABE /* Main.storyboard */,
				67894C1D28ED15F200D13ABE /* Assets.xcassets */,
				67894C1F28ED15F200D13ABE /* LaunchScreen.storyboard */,
				67894C2228ED15F200D13ABE /* Info.plist */,
				67894C2828ED1D1300D13ABE /* GoogleService-Info.plist */,
			);
			path = SeSAC2FirebaseExample;
			sourceTree = "<group>";
		};
/* End PBXGroup section */

/* Begin PBXNativeTarget section */
		67894C1028ED15F100D13ABE /* SeSAC2FirebaseExample */ = {
			isa = PBXNativeTarget;
			buildConfigurationList = 67894C2528ED15F200D13ABE /* Build configuration list for PBXNativeTarget "SeSAC2FirebaseExample" */;
			buildPhases = (
				67894C0D28ED15F100D13ABE /* Sources */,
				67894C0E28ED15F100D13ABE /* Frameworks */,
				67894C0F28ED15F100D13ABE /* Resources */,
				67894C3228ED2E5A00D13ABE /* ShellScript */,
			);
			buildRules = (
			);
			dependencies = (
			);
			name = SeSAC2FirebaseExample;
			packageProductDependencies = (
				67E91B4828F4ED8C007597F5 /* FirebaseAnalyticsWithoutAdIdSupport */,
				67E91B4A28F4ED8C007597F5 /* FirebaseCrashlytics */,
				67E91B4C28F4ED8C007597F5 /* FirebaseMessaging */,
				67025C4528F793BE0022CF2D /* Realm */,
				67025C4728F793BE0022CF2D /* RealmSwift */,
			);
			productName = SeSAC2FirebaseExample;
			productReference = 67894C1128ED15F100D13ABE /* SeSAC2FirebaseExample.app */;
			productType = "com.apple.product-type.application";
		};
/* End PBXNativeTarget section */

/* Begin PBXProject section */
		67894C0928ED15F100D13ABE /* Project object */ = {
			isa = PBXProject;
			attributes = {
				BuildIndependentTargetsInParallel = 1;
				LastSwiftUpdateCheck = 1400;
				LastUpgradeCheck = 1400;
				TargetAttributes = {
					67894C1028ED15F100D13ABE = {
						CreatedOnToolsVersion = 14.0.1;
					};
				};
			};
			buildConfigurationList = 67894C0C28ED15F100D13ABE /* Build configuration list for PBXProject "SeSAC2FirebaseExample" */;
			compatibilityVersion = "Xcode 14.0";
			developmentRegion = en;
			hasScannedForEncodings = 0;
			knownRegions = (
				en,
				Base,
			);
			mainGroup = 67894C0828ED15F100D13ABE;
			packageReferences = (
				67E91B4728F4ED8C007597F5 /* XCRemoteSwiftPackageReference "firebase-ios-sdk" */,
				67025C4428F793BE0022CF2D /* XCRemoteSwiftPackageReference "realm-swift" */,
			);
			productRefGroup = 67894C1228ED15F100D13ABE /* Products */;
			projectDirPath = "";
			projectRoot = "";
			targets = (
				67894C1028ED15F100D13ABE /* SeSAC2FirebaseExample */,
			);
		};
/* End PBXProject section */

/* Begin PBXResourcesBuildPhase section */
		67894C0F28ED15F100D13ABE /* Resources */ = {
			isa = PBXResourcesBuildPhase;
			buildActionMask = 2147483647;
			files = (
				67894C2128ED15F200D13ABE /* LaunchScreen.storyboard in Resources */,
				67894C2928ED1D1300D13ABE /* GoogleService-Info.plist in Resources */,
				67894C1E28ED15F200D13ABE /* Assets.xcassets in Resources */,
				67894C1C28ED15F100D13ABE /* Main.storyboard in Resources */,
			);
			runOnlyForDeploymentPostprocessing = 0;
		};
/* End PBXResourcesBuildPhase section */

/* Begin PBXShellScriptBuildPhase section */
		67894C3228ED2E5A00D13ABE /* ShellScript */ = {
			isa = PBXShellScriptBuildPhase;
			buildActionMask = 2147483647;
			files = (
			);
			inputFileListPaths = (
			);
			inputPaths = (
				"${DWARF_DSYM_FOLDER_PATH}/${DWARF_DSYM_FILE_NAME}/Contents/Resources/DWARF/${TARGET_NAME}",
				"$(SRCROOT)/$(BUILT_PRODUCTS_DIR)/$(INFOPLIST_PATH)",
			);
			outputFileListPaths = (
			);
			outputPaths = (
			);
			runOnlyForDeploymentPostprocessing = 0;
			shellPath = /bin/sh;
			shellScript = "# Type a script or drag a script file from your workspace to insert its path.\n\"${BUILD_DIR%/Build/*}/SourcePackages/checkouts/firebase-ios-sdk/Crashlytics/run\"\n";
		};
/* End PBXShellScriptBuildPhase section */

/* Begin PBXSourcesBuildPhase section */
		67894C0D28ED15F100D13ABE /* Sources */ = {
			isa = PBXSourcesBuildPhase;
			buildActionMask = 2147483647;
			files = (
				67894C1928ED15F100D13ABE /* ViewController.swift in Sources */,
				67894C1528ED15F100D13ABE /* AppDelegate.swift in Sources */,
				67025C4C28F79BAE0022CF2D /* MigrationViewController.swift in Sources */,
				67894C1728ED15F100D13ABE /* SceneDelegate.swift in Sources */,
				67025C4A28F799EE0022CF2D /* Todo.swift in Sources */,
			);
			runOnlyForDeploymentPostprocessing = 0;
		};
/* End PBXSourcesBuildPhase section */

/* Begin PBXVariantGroup section */
		67894C1A28ED15F100D13ABE /* Main.storyboard */ = {
			isa = PBXVariantGroup;
			children = (
				67894C1B28ED15F100D13ABE /* Base */,
			);
			name = Main.storyboard;
			sourceTree = "<group>";
		};
		67894C1F28ED15F200D13ABE /* LaunchScreen.storyboard */ = {
			isa = PBXVariantGroup;
			children = (
				67894C2028ED15F200D13ABE /* Base */,
			);
			name = LaunchScreen.storyboard;
			sourceTree = "<group>";
		};
/* End PBXVariantGroup section */

/* Begin XCBuildConfiguration section */
		67894C2328ED15F200D13ABE /* Debug */ = {
			isa = XCBuildConfiguration;
			buildSettings = {
				ALWAYS_SEARCH_USER_PATHS = NO;
				CLANG_ANALYZER_NONNULL = YES;
				CLANG_ANALYZER_NUMBER_OBJECT_CONVERSION = YES_AGGRESSIVE;
				CLANG_CXX_LANGUAGE_STANDARD = "gnu++20";
				CLANG_ENABLE_MODULES = YES;
				CLANG_ENABLE_OBJC_ARC = YES;
				CLANG_ENABLE_OBJC_WEAK = YES;
				CLANG_WARN_BLOCK_CAPTURE_AUTORELEASING = YES;
				CLANG_WARN_BOOL_CONVERSION = YES;
				CLANG_WARN_COMMA = YES;
				CLANG_WARN_CONSTANT_CONVERSION = YES;
				CLANG_WARN_DEPRECATED_OBJC_IMPLEMENTATIONS = YES;
				CLANG_WARN_DIRECT_OBJC_ISA_USAGE = YES_ERROR;
				CLANG_WARN_DOCUMENTATION_COMMENTS = YES;
				CLANG_WARN_EMPTY_BODY = YES;
				CLANG_WARN_ENUM_CONVERSION = YES;
				CLANG_WARN_INFINITE_RECURSION = YES;
				CLANG_WARN_INT_CONVERSION = YES;
				CLANG_WARN_NON_LITERAL_NULL_CONVERSION = YES;
				CLANG_WARN_OBJC_IMPLICIT_RETAIN_SELF = YES;
				CLANG_WARN_OBJC_LITERAL_CONVERSION = YES;
				CLANG_WARN_OBJC_ROOT_CLASS = YES_ERROR;
				CLANG_WARN_QUOTED_INCLUDE_IN_FRAMEWORK_HEADER = YES;
				CLANG_WARN_RANGE_LOOP_ANALYSIS = YES;
				CLANG_WARN_STRICT_PROTOTYPES = YES;
				CLANG_WARN_SUSPICIOUS_MOVE = YES;
				CLANG_WARN_UNGUARDED_AVAILABILITY = YES_AGGRESSIVE;
				CLANG_WARN_UNREACHABLE_CODE = YES;
				CLANG_WARN__DUPLICATE_METHOD_MATCH = YES;
				COPY_PHASE_STRIP = NO;
				DEBUG_INFORMATION_FORMAT = dwarf;
				ENABLE_STRICT_OBJC_MSGSEND = YES;
				ENABLE_TESTABILITY = YES;
				GCC_C_LANGUAGE_STANDARD = gnu11;
				GCC_DYNAMIC_NO_PIC = NO;
				GCC_NO_COMMON_BLOCKS = YES;
				GCC_OPTIMIZATION_LEVEL = 0;
				GCC_PREPROCESSOR_DEFINITIONS = (
					"DEBUG=1",
					"$(inherited)",
				);
				GCC_WARN_64_TO_32_BIT_CONVERSION = YES;
				GCC_WARN_ABOUT_RETURN_TYPE = YES_ERROR;
				GCC_WARN_UNDECLARED_SELECTOR = YES;
				GCC_WARN_UNINITIALIZED_AUTOS = YES_AGGRESSIVE;
				GCC_WARN_UNUSED_FUNCTION = YES;
				GCC_WARN_UNUSED_VARIABLE = YES;
				IPHONEOS_DEPLOYMENT_TARGET = 16.0;
				MTL_ENABLE_DEBUG_INFO = INCLUDE_SOURCE;
				MTL_FAST_MATH = YES;
				ONLY_ACTIVE_ARCH = YES;
				SDKROOT = iphoneos;
				SWIFT_ACTIVE_COMPILATION_CONDITIONS = DEBUG;
				SWIFT_OPTIMIZATION_LEVEL = "-Onone";
			};
			name = Debug;
		};
		67894C2428ED15F200D13ABE /* Release */ = {
			isa = XCBuildConfiguration;
			buildSettings = {
				ALWAYS_SEARCH_USER_PATHS = NO;
				CLANG_ANALYZER_NONNULL = YES;
				CLANG_ANALYZER_NUMBER_OBJECT_CONVERSION = YES_AGGRESSIVE;
				CLANG_CXX_LANGUAGE_STANDARD = "gnu++20";
				CLANG_ENABLE_MODULES = YES;
				CLANG_ENABLE_OBJC_ARC = YES;
				CLANG_ENABLE_OBJC_WEAK = YES;
				CLANG_WARN_BLOCK_CAPTURE_AUTORELEASING = YES;
				CLANG_WARN_BOOL_CONVERSION = YES;
				CLANG_WARN_COMMA = YES;
				CLANG_WARN_CONSTANT_CONVERSION = YES;
				CLANG_WARN_DEPRECATED_OBJC_IMPLEMENTATIONS = YES;
				CLANG_WARN_DIRECT_OBJC_ISA_USAGE = YES_ERROR;
				CLANG_WARN_DOCUMENTATION_COMMENTS = YES;
				CLANG_WARN_EMPTY_BODY = YES;
				CLANG_WARN_ENUM_CONVERSION = YES;
				CLANG_WARN_INFINITE_RECURSION = YES;
				CLANG_WARN_INT_CONVERSION = YES;
				CLANG_WARN_NON_LITERAL_NULL_CONVERSION = YES;
				CLANG_WARN_OBJC_IMPLICIT_RETAIN_SELF = YES;
				CLANG_WARN_OBJC_LITERAL_CONVERSION = YES;
				CLANG_WARN_OBJC_ROOT_CLASS = YES_ERROR;
				CLANG_WARN_QUOTED_INCLUDE_IN_FRAMEWORK_HEADER = YES;
				CLANG_WARN_RANGE_LOOP_ANALYSIS = YES;
				CLANG_WARN_STRICT_PROTOTYPES = YES;
				CLANG_WARN_SUSPICIOUS_MOVE = YES;
				CLANG_WARN_UNGUARDED_AVAILABILITY = YES_AGGRESSIVE;
				CLANG_WARN_UNREACHABLE_CODE = YES;
				CLANG_WARN__DUPLICATE_METHOD_MATCH = YES;
				COPY_PHASE_STRIP = NO;
				DEBUG_INFORMATION_FORMAT = "dwarf-with-dsym";
				ENABLE_NS_ASSERTIONS = NO;
				ENABLE_STRICT_OBJC_MSGSEND = YES;
				GCC_C_LANGUAGE_STANDARD = gnu11;
				GCC_NO_COMMON_BLOCKS = YES;
				GCC_WARN_64_TO_32_BIT_CONVERSION = YES;
				GCC_WARN_ABOUT_RETURN_TYPE = YES_ERROR;
				GCC_WARN_UNDECLARED_SELECTOR = YES;
				GCC_WARN_UNINITIALIZED_AUTOS = YES_AGGRESSIVE;
				GCC_WARN_UNUSED_FUNCTION = YES;
				GCC_WARN_UNUSED_VARIABLE = YES;
				IPHONEOS_DEPLOYMENT_TARGET = 16.0;
				MTL_ENABLE_DEBUG_INFO = NO;
				MTL_FAST_MATH = YES;
				SDKROOT = iphoneos;
				SWIFT_COMPILATION_MODE = wholemodule;
				SWIFT_OPTIMIZATION_LEVEL = "-O";
				VALIDATE_PRODUCT = YES;
			};
			name = Release;
		};
		67894C2628ED15F200D13ABE /* Debug */ = {
			isa = XCBuildConfiguration;
			buildSettings = {
				ASSETCATALOG_COMPILER_APPICON_NAME = AppIcon;
				ASSETCATALOG_COMPILER_GLOBAL_ACCENT_COLOR_NAME = AccentColor;
				CODE_SIGN_ENTITLEMENTS = SeSAC2FirebaseExample/SeSAC2FirebaseExample.entitlements;
				CODE_SIGN_STYLE = Automatic;
				CURRENT_PROJECT_VERSION = 1;
				DEBUG_INFORMATION_FORMAT = "dwarf-with-dsym";
				DEVELOPMENT_TEAM = XXJ2YB9QP5;
				GENERATE_INFOPLIST_FILE = YES;
				INFOPLIST_FILE = SeSAC2FirebaseExample/Info.plist;
				INFOPLIST_KEY_UIApplicationSupportsIndirectInputEvents = YES;
				INFOPLIST_KEY_UILaunchStoryboardName = LaunchScreen;
				INFOPLIST_KEY_UIMainStoryboardFile = Main;
				INFOPLIST_KEY_UISupportedInterfaceOrientations_iPad = "UIInterfaceOrientationPortrait UIInterfaceOrientationPortraitUpsideDown UIInterfaceOrientationLandscapeLeft UIInterfaceOrientationLandscapeRight";
				INFOPLIST_KEY_UISupportedInterfaceOrientations_iPhone = "UIInterfaceOrientationPortrait UIInterfaceOrientationLandscapeLeft UIInterfaceOrientationLandscapeRight";
				LD_RUNPATH_SEARCH_PATHS = (
					"$(inherited)",
					"@executable_path/Frameworks",
				);
				MARKETING_VERSION = 1.0;
				PRODUCT_BUNDLE_IDENTIFIER = com.sesac.SeSAC2FirebaseExample.test;
				PRODUCT_NAME = "$(TARGET_NAME)";
				SWIFT_EMIT_LOC_STRINGS = YES;
				SWIFT_VERSION = 5.0;
				TARGETED_DEVICE_FAMILY = "1,2";
			};
			name = Debug;
		};
		67894C2728ED15F200D13ABE /* Release */ = {
			isa = XCBuildConfiguration;
			buildSettings = {
				ASSETCATALOG_COMPILER_APPICON_NAME = AppIcon;
				ASSETCATALOG_COMPILER_GLOBAL_ACCENT_COLOR_NAME = AccentColor;
				CODE_SIGN_ENTITLEMENTS = SeSAC2FirebaseExample/SeSAC2FirebaseExample.entitlements;
				CODE_SIGN_STYLE = Automatic;
				CURRENT_PROJECT_VERSION = 1;
				DEVELOPMENT_TEAM = XXJ2YB9QP5;
				GENERATE_INFOPLIST_FILE = YES;
				INFOPLIST_FILE = SeSAC2FirebaseExample/Info.plist;
				INFOPLIST_KEY_UIApplicationSupportsIndirectInputEvents = YES;
				INFOPLIST_KEY_UILaunchStoryboardName = LaunchScreen;
				INFOPLIST_KEY_UIMainStoryboardFile = Main;
				INFOPLIST_KEY_UISupportedInterfaceOrientations_iPad = "UIInterfaceOrientationPortrait UIInterfaceOrientationPortraitUpsideDown UIInterfaceOrientationLandscapeLeft UIInterfaceOrientationLandscapeRight";
				INFOPLIST_KEY_UISupportedInterfaceOrientations_iPhone = "UIInterfaceOrientationPortrait UIInterfaceOrientationLandscapeLeft UIInterfaceOrientationLandscapeRight";
				LD_RUNPATH_SEARCH_PATHS = (
					"$(inherited)",
					"@executable_path/Frameworks",
				);
				MARKETING_VERSION = 1.0;
				PRODUCT_BUNDLE_IDENTIFIER = com.sesac.SeSAC2FirebaseExample.test;
				PRODUCT_NAME = "$(TARGET_NAME)";
				SWIFT_EMIT_LOC_STRINGS = YES;
				SWIFT_VERSION = 5.0;
				TARGETED_DEVICE_FAMILY = "1,2";
			};
			name = Release;
		};
/* End XCBuildConfiguration section */

/* Begin XCConfigurationList section */
		67894C0C28ED15F100D13ABE /* Build configuration list for PBXProject "SeSAC2FirebaseExample" */ = {
			isa = XCConfigurationList;
			buildConfigurations = (
				67894C2328ED15F200D13ABE /* Debug */,
				67894C2428ED15F200D13ABE /* Release */,
			);
			defaultConfigurationIsVisible = 0;
			defaultConfigurationName = Release;
		};
		67894C2528ED15F200D13ABE /* Build configuration list for PBXNativeTarget "SeSAC2FirebaseExample" */ = {
			isa = XCConfigurationList;
			buildConfigurations = (
				67894C2628ED15F200D13ABE /* Debug */,
				67894C2728ED15F200D13ABE /* Release */,
			);
			defaultConfigurationIsVisible = 0;
			defaultConfigurationName = Release;
		};
/* End XCConfigurationList section */

/* Begin XCRemoteSwiftPackageReference section */
		67025C4428F793BE0022CF2D /* XCRemoteSwiftPackageReference "realm-swift" */ = {
			isa = XCRemoteSwiftPackageReference;
			repositoryURL = "https://github.com/realm/realm-swift.git";
			requirement = {
				kind = upToNextMajorVersion;
				minimumVersion = 10.30.0;
			};
		};
		67E91B4728F4ED8C007597F5 /* XCRemoteSwiftPackageReference "firebase-ios-sdk" */ = {
			isa = XCRemoteSwiftPackageReference;
			repositoryURL = "https://github.com/firebase/firebase-ios-sdk";
			requirement = {
				kind = upToNextMajorVersion;
				minimumVersion = 9.0.0;
			};
		};
/* End XCRemoteSwiftPackageReference section */

/* Begin XCSwiftPackageProductDependency section */
		67025C4528F793BE0022CF2D /* Realm */ = {
			isa = XCSwiftPackageProductDependency;
			package = 67025C4428F793BE0022CF2D /* XCRemoteSwiftPackageReference "realm-swift" */;
			productName = Realm;
		};
		67025C4728F793BE0022CF2D /* RealmSwift */ = {
			isa = XCSwiftPackageProductDependency;
			package = 67025C4428F793BE0022CF2D /* XCRemoteSwiftPackageReference "realm-swift" */;
			productName = RealmSwift;
		};
		67E91B4828F4ED8C007597F5 /* FirebaseAnalyticsWithoutAdIdSupport */ = {
			isa = XCSwiftPackageProductDependency;
			package = 67E91B4728F4ED8C007597F5 /* XCRemoteSwiftPackageReference "firebase-ios-sdk" */;
			productName = FirebaseAnalyticsWithoutAdIdSupport;
		};
		67E91B4A28F4ED8C007597F5 /* FirebaseCrashlytics */ = {
			isa = XCSwiftPackageProductDependency;
			package = 67E91B4728F4ED8C007597F5 /* XCRemoteSwiftPackageReference "firebase-ios-sdk" */;
			productName = FirebaseCrashlytics;
		};
		67E91B4C28F4ED8C007597F5 /* FirebaseMessaging */ = {
			isa = XCSwiftPackageProductDependency;
			package = 67E91B4728F4ED8C007597F5 /* XCRemoteSwiftPackageReference "firebase-ios-sdk" */;
			productName = FirebaseMessaging;
		};
/* End XCSwiftPackageProductDependency section */
	};
	rootObject = 67894C0928ED15F100D13ABE /* Project object */;
}
