// !$*UTF8*$!
{
	archiveVersion = 1;
	classes = {
	};
	objectVersion = 56;
	objects = {

/* Begin PBXBuildFile section */
		67894C4128EE03D900D13ABE /* AppDelegate.swift in Sources */ = {isa = PBXBuildFile; fileRef = 67894C4028EE03D900D13ABE /* AppDelegate.swift */; };
		67894C4328EE03D900D13ABE /* SceneDelegate.swift in Sources */ = {isa = PBXBuildFile; fileRef = 67894C4228EE03D900D13ABE /* SceneDelegate.swift */; };
		67894C4528EE03D900D13ABE /* ViewController.swift in Sources */ = {isa = PBXBuildFile; fileRef = 67894C4428EE03D900D13ABE /* ViewController.swift */; };
		67894C4828EE03D900D13ABE /* Main.storyboard in Resources */ = {isa = PBXBuildFile; fileRef = 67894C4628EE03D900D13ABE /* Main.storyboard */; };
		67894C4A28EE03DA00D13ABE /* Assets.xcassets in Resources */ = {isa = PBXBuildFile; fileRef = 67894C4928EE03DA00D13ABE /* Assets.xcassets */; };
		67894C4D28EE03DA00D13ABE /* LaunchScreen.storyboard in Resources */ = {isa = PBXBuildFile; fileRef = 67894C4B28EE03DA00D13ABE /* LaunchScreen.storyboard */; };
		67894C5628EE06EC00D13ABE /* Localizable.strings in Resources */ = {isa = PBXBuildFile; fileRef = 67894C5828EE06EC00D13ABE /* Localizable.strings */; };
		67E57EFE2905B6F300DE29C0 /* Realm in Frameworks */ = {isa = PBXBuildFile; productRef = 67E57EFD2905B6F300DE29C0 /* Realm */; };
		67E57F002905B6F300DE29C0 /* RealmSwift in Frameworks */ = {isa = PBXBuildFile; productRef = 67E57EFF2905B6F300DE29C0 /* RealmSwift */; };
		67E57F022905B7CA00DE29C0 /* Realm in Frameworks */ = {isa = PBXBuildFile; productRef = 67E57F012905B7CA00DE29C0 /* Realm */; };
		67E57F042905B7CD00DE29C0 /* RealmSwift in Frameworks */ = {isa = PBXBuildFile; productRef = 67E57F032905B7CD00DE29C0 /* RealmSwift */; };
		67E57F062905B8B000DE29C0 /* Realmanager.swift in Sources */ = {isa = PBXBuildFile; fileRef = 67E57F052905B8B000DE29C0 /* Realmanager.swift */; };
		67E57F072905B94600DE29C0 /* Realmanager.swift in Sources */ = {isa = PBXBuildFile; fileRef = 67E57F052905B8B000DE29C0 /* Realmanager.swift */; };
		67E57F082905B95100DE29C0 /* Memo.swift in Sources */ = {isa = PBXBuildFile; fileRef = 67EEB6342905AA0D00450770 /* Memo.swift */; };
		67E91B1728F050C3007597F5 /* WidgetKit.framework in Frameworks */ = {isa = PBXBuildFile; fileRef = 67E91B1628F050C3007597F5 /* WidgetKit.framework */; };
		67E91B1928F050C3007597F5 /* SwiftUI.framework in Frameworks */ = {isa = PBXBuildFile; fileRef = 67E91B1828F050C3007597F5 /* SwiftUI.framework */; };
		67E91B1C28F050C3007597F5 /* TestWidget.swift in Sources */ = {isa = PBXBuildFile; fileRef = 67E91B1B28F050C3007597F5 /* TestWidget.swift */; };
		67E91B1E28F050C3007597F5 /* Assets.xcassets in Resources */ = {isa = PBXBuildFile; fileRef = 67E91B1D28F050C3007597F5 /* Assets.xcassets */; };
		67E91B2228F050C3007597F5 /* TestWidgetExtension.appex in Embed Foundation Extensions */ = {isa = PBXBuildFile; fileRef = 67E91B1428F050C3007597F5 /* TestWidgetExtension.appex */; settings = {ATTRIBUTES = (RemoveHeadersOnCopy, ); }; };
		67EEB6352905AA0D00450770 /* Memo.swift in Sources */ = {isa = PBXBuildFile; fileRef = 67EEB6342905AA0D00450770 /* Memo.swift */; };
/* End PBXBuildFile section */

/* Begin PBXContainerItemProxy section */
		67E91B2028F050C3007597F5 /* PBXContainerItemProxy */ = {
			isa = PBXContainerItemProxy;
			containerPortal = 67894C3528EE03D900D13ABE /* Project object */;
			proxyType = 1;
			remoteGlobalIDString = 67E91B1328F050C3007597F5;
			remoteInfo = TestWidgetExtension;
		};
/* End PBXContainerItemProxy section */

/* Begin PBXCopyFilesBuildPhase section */
		67E91B2328F050C3007597F5 /* Embed Foundation Extensions */ = {
			isa = PBXCopyFilesBuildPhase;
			buildActionMask = 2147483647;
			dstPath = "";
			dstSubfolderSpec = 13;
			files = (
				67E91B2228F050C3007597F5 /* TestWidgetExtension.appex in Embed Foundation Extensions */,
			);
			name = "Embed Foundation Extensions";
			runOnlyForDeploymentPostprocessing = 0;
		};
/* End PBXCopyFilesBuildPhase section */

/* Begin PBXFileReference section */
		67894C3D28EE03D900D13ABE /* MultiLanguage.app */ = {isa = PBXFileReference; explicitFileType = wrapper.application; includeInIndex = 0; path = MultiLanguage.app; sourceTree = BUILT_PRODUCTS_DIR; };
		67894C4028EE03D900D13ABE /* AppDelegate.swift */ = {isa = PBXFileReference; lastKnownFileType = sourcecode.swift; path = AppDelegate.swift; sourceTree = "<group>"; };
		67894C4228EE03D900D13ABE /* SceneDelegate.swift */ = {isa = PBXFileReference; lastKnownFileType = sourcecode.swift; path = SceneDelegate.swift; sourceTree = "<group>"; };
		67894C4428EE03D900D13ABE /* ViewController.swift */ = {isa = PBXFileReference; lastKnownFileType = sourcecode.swift; path = ViewController.swift; sourceTree = "<group>"; };
		67894C4728EE03D900D13ABE /* Base */ = {isa = PBXFileReference; lastKnownFileType = file.storyboard; name = Base; path = Base.lproj/Main.storyboard; sourceTree = "<group>"; };
		67894C4928EE03DA00D13ABE /* Assets.xcassets */ = {isa = PBXFileReference; lastKnownFileType = folder.assetcatalog; path = Assets.xcassets; sourceTree = "<group>"; };
		67894C4C28EE03DA00D13ABE /* Base */ = {isa = PBXFileReference; lastKnownFileType = file.storyboard; name = Base; path = Base.lproj/LaunchScreen.storyboard; sourceTree = "<group>"; };
		67894C4E28EE03DA00D13ABE /* Info.plist */ = {isa = PBXFileReference; lastKnownFileType = text.plist.xml; path = Info.plist; sourceTree = "<group>"; };
		67894C5728EE06EC00D13ABE /* en */ = {isa = PBXFileReference; lastKnownFileType = text.plist.strings; name = en; path = en.lproj/Localizable.strings; sourceTree = "<group>"; };
		67894C5928EE082F00D13ABE /* ko */ = {isa = PBXFileReference; lastKnownFileType = text.plist.strings; name = ko; path = ko.lproj/Localizable.strings; sourceTree = "<group>"; };
		67894C5A28EE089800D13ABE /* ja */ = {isa = PBXFileReference; lastKnownFileType = text.plist.strings; name = ja; path = ja.lproj/Localizable.strings; sourceTree = "<group>"; };
		67E57F052905B8B000DE29C0 /* Realmanager.swift */ = {isa = PBXFileReference; lastKnownFileType = sourcecode.swift; path = Realmanager.swift; sourceTree = "<group>"; };
		67E91B1428F050C3007597F5 /* TestWidgetExtension.appex */ = {isa = PBXFileReference; explicitFileType = "wrapper.app-extension"; includeInIndex = 0; path = TestWidgetExtension.appex; sourceTree = BUILT_PRODUCTS_DIR; };
		67E91B1628F050C3007597F5 /* WidgetKit.framework */ = {isa = PBXFileReference; lastKnownFileType = wrapper.framework; name = WidgetKit.framework; path = System/Library/Frameworks/WidgetKit.framework; sourceTree = SDKROOT; };
		67E91B1828F050C3007597F5 /* SwiftUI.framework */ = {isa = PBXFileReference; lastKnownFileType = wrapper.framework; name = SwiftUI.framework; path = System/Library/Frameworks/SwiftUI.framework; sourceTree = SDKROOT; };
		67E91B1B28F050C3007597F5 /* TestWidget.swift */ = {isa = PBXFileReference; lastKnownFileType = sourcecode.swift; path = TestWidget.swift; sourceTree = "<group>"; };
		67E91B1D28F050C3007597F5 /* Assets.xcassets */ = {isa = PBXFileReference; lastKnownFileType = folder.assetcatalog; path = Assets.xcassets; sourceTree = "<group>"; };
		67E91B1F28F050C3007597F5 /* Info.plist */ = {isa = PBXFileReference; lastKnownFileType = text.plist.xml; path = Info.plist; sourceTree = "<group>"; };
		67EEB6342905AA0D00450770 /* Memo.swift */ = {isa = PBXFileReference; lastKnownFileType = sourcecode.swift; path = Memo.swift; sourceTree = "<group>"; };
		67EEB6362905AB9300450770 /* MultiLanguage.entitlements */ = {isa = PBXFileReference; lastKnownFileType = text.plist.entitlements; path = MultiLanguage.entitlements; sourceTree = "<group>"; };
		67EEB6372905AB9C00450770 /* TestWidgetExtension.entitlements */ = {isa = PBXFileReference; lastKnownFileType = text.plist.entitlements; path = TestWidgetExtension.entitlements; sourceTree = "<group>"; };
/* End PBXFileReference section */

/* Begin PBXFrameworksBuildPhase section */
		67894C3A28EE03D900D13ABE /* Frameworks */ = {
			isa = PBXFrameworksBuildPhase;
			buildActionMask = 2147483647;
			files = (
				67E57F002905B6F300DE29C0 /* RealmSwift in Frameworks */,
				67E57EFE2905B6F300DE29C0 /* Realm in Frameworks */,
			);
			runOnlyForDeploymentPostprocessing = 0;
		};
		67E91B1128F050C3007597F5 /* Frameworks */ = {
			isa = PBXFrameworksBuildPhase;
			buildActionMask = 2147483647;
			files = (
				67E57F042905B7CD00DE29C0 /* RealmSwift in Frameworks */,
				67E57F022905B7CA00DE29C0 /* Realm in Frameworks */,
				67E91B1928F050C3007597F5 /* SwiftUI.framework in Frameworks */,
				67E91B1728F050C3007597F5 /* WidgetKit.framework in Frameworks */,
			);
			runOnlyForDeploymentPostprocessing = 0;
		};
/* End PBXFrameworksBuildPhase section */

/* Begin PBXGroup section */
		67894C3428EE03D900D13ABE = {
			isa = PBXGroup;
			children = (
				67EEB6372905AB9C00450770 /* TestWidgetExtension.entitlements */,
				67894C3F28EE03D900D13ABE /* MultiLanguage */,
				67E91B1A28F050C3007597F5 /* TestWidget */,
				67E91B1528F050C3007597F5 /* Frameworks */,
				67894C3E28EE03D900D13ABE /* Products */,
			);
			sourceTree = "<group>";
		};
		67894C3E28EE03D900D13ABE /* Products */ = {
			isa = PBXGroup;
			children = (
				67894C3D28EE03D900D13ABE /* MultiLanguage.app */,
				67E91B1428F050C3007597F5 /* TestWidgetExtension.appex */,
			);
			name = Products;
			sourceTree = "<group>";
		};
		67894C3F28EE03D900D13ABE /* MultiLanguage */ = {
			isa = PBXGroup;
			children = (
				67EEB6362905AB9300450770 /* MultiLanguage.entitlements */,
				67894C4028EE03D900D13ABE /* AppDelegate.swift */,
				67894C4228EE03D900D13ABE /* SceneDelegate.swift */,
				67894C4428EE03D900D13ABE /* ViewController.swift */,
				67EEB6342905AA0D00450770 /* Memo.swift */,
				67894C5828EE06EC00D13ABE /* Localizable.strings */,
				67894C4628EE03D900D13ABE /* Main.storyboard */,
				67894C4928EE03DA00D13ABE /* Assets.xcassets */,
				67894C4B28EE03DA00D13ABE /* LaunchScreen.storyboard */,
				67894C4E28EE03DA00D13ABE /* Info.plist */,
			);
			path = MultiLanguage;
			sourceTree = "<group>";
		};
		67E91B1528F050C3007597F5 /* Frameworks */ = {
			isa = PBXGroup;
			children = (
				67E91B1628F050C3007597F5 /* WidgetKit.framework */,
				67E91B1828F050C3007597F5 /* SwiftUI.framework */,
			);
			name = Frameworks;
			sourceTree = "<group>";
		};
		67E91B1A28F050C3007597F5 /* TestWidget */ = {
			isa = PBXGroup;
			children = (
				67E91B1B28F050C3007597F5 /* TestWidget.swift */,
				67E57F052905B8B000DE29C0 /* Realmanager.swift */,
				67E91B1D28F050C3007597F5 /* Assets.xcassets */,
				67E91B1F28F050C3007597F5 /* Info.plist */,
			);
			path = TestWidget;
			sourceTree = "<group>";
		};
/* End PBXGroup section */

/* Begin PBXNativeTarget section */
		67894C3C28EE03D900D13ABE /* MultiLanguage */ = {
			isa = PBXNativeTarget;
			buildConfigurationList = 67894C5128EE03DA00D13ABE /* Build configuration list for PBXNativeTarget "MultiLanguage" */;
			buildPhases = (
				67894C3928EE03D900D13ABE /* Sources */,
				67894C3A28EE03D900D13ABE /* Frameworks */,
				67894C3B28EE03D900D13ABE /* Resources */,
				67E91B2328F050C3007597F5 /* Embed Foundation Extensions */,
			);
			buildRules = (
			);
			dependencies = (
				67E91B2128F050C3007597F5 /* PBXTargetDependency */,
			);
			name = MultiLanguage;
			packageProductDependencies = (
				67E57EFD2905B6F300DE29C0 /* Realm */,
				67E57EFF2905B6F300DE29C0 /* RealmSwift */,
			);
			productName = MultiLanguage;
			productReference = 67894C3D28EE03D900D13ABE /* MultiLanguage.app */;
			productType = "com.apple.product-type.application";
		};
		67E91B1328F050C3007597F5 /* TestWidgetExtension */ = {
			isa = PBXNativeTarget;
			buildConfigurationList = 67E91B2628F050C3007597F5 /* Build configuration list for PBXNativeTarget "TestWidgetExtension" */;
			buildPhases = (
				67E91B1028F050C3007597F5 /* Sources */,
				67E91B1128F050C3007597F5 /* Frameworks */,
				67E91B1228F050C3007597F5 /* Resources */,
			);
			buildRules = (
			);
			dependencies = (
			);
			name = TestWidgetExtension;
			packageProductDependencies = (
				67E57F012905B7CA00DE29C0 /* Realm */,
				67E57F032905B7CD00DE29C0 /* RealmSwift */,
			);
			productName = TestWidgetExtension;
			productReference = 67E91B1428F050C3007597F5 /* TestWidgetExtension.appex */;
			productType = "com.apple.product-type.app-extension";
		};
/* End PBXNativeTarget section */

/* Begin PBXProject section */
		67894C3528EE03D900D13ABE /* Project object */ = {
			isa = PBXProject;
			attributes = {
				BuildIndependentTargetsInParallel = 1;
				LastSwiftUpdateCheck = 1400;
				LastUpgradeCheck = 1400;
				TargetAttributes = {
					67894C3C28EE03D900D13ABE = {
						CreatedOnToolsVersion = 14.0.1;
					};
					67E91B1328F050C3007597F5 = {
						CreatedOnToolsVersion = 14.0.1;
					};
				};
			};
			buildConfigurationList = 67894C3828EE03D900D13ABE /* Build configuration list for PBXProject "MultiLanguage" */;
			compatibilityVersion = "Xcode 14.0";
			developmentRegion = en;
			hasScannedForEncodings = 0;
			knownRegions = (
				en,
				Base,
				ko,
				ja,
			);
			mainGroup = 67894C3428EE03D900D13ABE;
			packageReferences = (
				67E57EFC2905B6F300DE29C0 /* XCRemoteSwiftPackageReference "realm-swift" */,
			);
			productRefGroup = 67894C3E28EE03D900D13ABE /* Products */;
			projectDirPath = "";
			projectRoot = "";
			targets = (
				67894C3C28EE03D900D13ABE /* MultiLanguage */,
				67E91B1328F050C3007597F5 /* TestWidgetExtension */,
			);
		};
/* End PBXProject section */

/* Begin PBXResourcesBuildPhase section */
		67894C3B28EE03D900D13ABE /* Resources */ = {
			isa = PBXResourcesBuildPhase;
			buildActionMask = 2147483647;
			files = (
				67894C4D28EE03DA00D13ABE /* LaunchScreen.storyboard in Resources */,
				67894C5628EE06EC00D13ABE /* Localizable.strings in Resources */,
				67894C4A28EE03DA00D13ABE /* Assets.xcassets in Resources */,
				67894C4828EE03D900D13ABE /* Main.storyboard in Resources */,
			);
			runOnlyForDeploymentPostprocessing = 0;
		};
		67E91B1228F050C3007597F5 /* Resources */ = {
			isa = PBXResourcesBuildPhase;
			buildActionMask = 2147483647;
			files = (
				67E91B1E28F050C3007597F5 /* Assets.xcassets in Resources */,
			);
			runOnlyForDeploymentPostprocessing = 0;
		};
/* End PBXResourcesBuildPhase section */

/* Begin PBXSourcesBuildPhase section */
		67894C3928EE03D900D13ABE /* Sources */ = {
			isa = PBXSourcesBuildPhase;
			buildActionMask = 2147483647;
			files = (
				67894C4528EE03D900D13ABE /* ViewController.swift in Sources */,
				67EEB6352905AA0D00450770 /* Memo.swift in Sources */,
				67894C4128EE03D900D13ABE /* AppDelegate.swift in Sources */,
				67E57F062905B8B000DE29C0 /* Realmanager.swift in Sources */,
				67894C4328EE03D900D13ABE /* SceneDelegate.swift in Sources */,
			);
			runOnlyForDeploymentPostprocessing = 0;
		};
		67E91B1028F050C3007597F5 /* Sources */ = {
			isa = PBXSourcesBuildPhase;
			buildActionMask = 2147483647;
			files = (
				67E57F082905B95100DE29C0 /* Memo.swift in Sources */,
				67E91B1C28F050C3007597F5 /* TestWidget.swift in Sources */,
				67E57F072905B94600DE29C0 /* Realmanager.swift in Sources */,
			);
			runOnlyForDeploymentPostprocessing = 0;
		};
/* End PBXSourcesBuildPhase section */

/* Begin PBXTargetDependency section */
		67E91B2128F050C3007597F5 /* PBXTargetDependency */ = {
			isa = PBXTargetDependency;
			target = 67E91B1328F050C3007597F5 /* TestWidgetExtension */;
			targetProxy = 67E91B2028F050C3007597F5 /* PBXContainerItemProxy */;
		};
/* End PBXTargetDependency section */

/* Begin PBXVariantGroup section */
		67894C4628EE03D900D13ABE /* Main.storyboard */ = {
			isa = PBXVariantGroup;
			children = (
				67894C4728EE03D900D13ABE /* Base */,
			);
			name = Main.storyboard;
			sourceTree = "<group>";
		};
		67894C4B28EE03DA00D13ABE /* LaunchScreen.storyboard */ = {
			isa = PBXVariantGroup;
			children = (
				67894C4C28EE03DA00D13ABE /* Base */,
			);
			name = LaunchScreen.storyboard;
			sourceTree = "<group>";
		};
		67894C5828EE06EC00D13ABE /* Localizable.strings */ = {
			isa = PBXVariantGroup;
			children = (
				67894C5728EE06EC00D13ABE /* en */,
				67894C5928EE082F00D13ABE /* ko */,
				67894C5A28EE089800D13ABE /* ja */,
			);
			name = Localizable.strings;
			sourceTree = "<group>";
		};
/* End PBXVariantGroup section */

/* Begin XCBuildConfiguration section */
		67894C4F28EE03DA00D13ABE /* Debug */ = {
			isa = XCBuildConfiguration;
			buildSettings = {
				ALWAYS_SEARCH_USER_PATHS = NO;
				CLANG_ANALYZER_LOCALIZABILITY_NONLOCALIZED = YES;
				CLANG_ANALYZER_NONNULL = YES;
				CLANG_ANALYZER_NUMBER_OBJECT_CONVERSION = YES_AGGRESSIVE;
				CLANG_CXX_LANGUAGE_STANDARD = "gnu++20";
				CLANG_ENABLE_MODULES = YES;
				CLANG_ENABLE_OBJC_ARC = YES;
				CLANG_ENABLE_OBJC_WEAK = YES;
				CLANG_WARN_BLOCK_CAPTURE_AUTORELEASING = YES;
				CLANG_WARN_BOOL_CONVERSION = YES;
				CLANG_WARN_COMMA = YES;
				CLANG_WARN_CONSTANT_CONVERSION = YES;
				CLANG_WARN_DEPRECATED_OBJC_IMPLEMENTATIONS = YES;
				CLANG_WARN_DIRECT_OBJC_ISA_USAGE = YES_ERROR;
				CLANG_WARN_DOCUMENTATION_COMMENTS = YES;
				CLANG_WARN_EMPTY_BODY = YES;
				CLANG_WARN_ENUM_CONVERSION = YES;
				CLANG_WARN_INFINITE_RECURSION = YES;
				CLANG_WARN_INT_CONVERSION = YES;
				CLANG_WARN_NON_LITERAL_NULL_CONVERSION = YES;
				CLANG_WARN_OBJC_IMPLICIT_RETAIN_SELF = YES;
				CLANG_WARN_OBJC_LITERAL_CONVERSION = YES;
				CLANG_WARN_OBJC_ROOT_CLASS = YES_ERROR;
				CLANG_WARN_QUOTED_INCLUDE_IN_FRAMEWORK_HEADER = YES;
				CLANG_WARN_RANGE_LOOP_ANALYSIS = YES;
				CLANG_WARN_STRICT_PROTOTYPES = YES;
				CLANG_WARN_SUSPICIOUS_MOVE = YES;
				CLANG_WARN_UNGUARDED_AVAILABILITY = YES_AGGRESSIVE;
				CLANG_WARN_UNREACHABLE_CODE = YES;
				CLANG_WARN__DUPLICATE_METHOD_MATCH = YES;
				COPY_PHASE_STRIP = NO;
				DEBUG_INFORMATION_FORMAT = dwarf;
				ENABLE_STRICT_OBJC_MSGSEND = YES;
				ENABLE_TESTABILITY = YES;
				GCC_C_LANGUAGE_STANDARD = gnu11;
				GCC_DYNAMIC_NO_PIC = NO;
				GCC_NO_COMMON_BLOCKS = YES;
				GCC_OPTIMIZATION_LEVEL = 0;
				GCC_PREPROCESSOR_DEFINITIONS = (
					"DEBUG=1",
					"$(inherited)",
				);
				GCC_WARN_64_TO_32_BIT_CONVERSION = YES;
				GCC_WARN_ABOUT_RETURN_TYPE = YES_ERROR;
				GCC_WARN_UNDECLARED_SELECTOR = YES;
				GCC_WARN_UNINITIALIZED_AUTOS = YES_AGGRESSIVE;
				GCC_WARN_UNUSED_FUNCTION = YES;
				GCC_WARN_UNUSED_VARIABLE = YES;
				IPHONEOS_DEPLOYMENT_TARGET = 16.0;
				MTL_ENABLE_DEBUG_INFO = INCLUDE_SOURCE;
				MTL_FAST_MATH = YES;
				ONLY_ACTIVE_ARCH = YES;
				SDKROOT = iphoneos;
				SWIFT_ACTIVE_COMPILATION_CONDITIONS = DEBUG;
				SWIFT_OPTIMIZATION_LEVEL = "-Onone";
			};
			name = Debug;
		};
		67894C5028EE03DA00D13ABE /* Release */ = {
			isa = XCBuildConfiguration;
			buildSettings = {
				ALWAYS_SEARCH_USER_PATHS = NO;
				CLANG_ANALYZER_LOCALIZABILITY_NONLOCALIZED = YES;
				CLANG_ANALYZER_NONNULL = YES;
				CLANG_ANALYZER_NUMBER_OBJECT_CONVERSION = YES_AGGRESSIVE;
				CLANG_CXX_LANGUAGE_STANDARD = "gnu++20";
				CLANG_ENABLE_MODULES = YES;
				CLANG_ENABLE_OBJC_ARC = YES;
				CLANG_ENABLE_OBJC_WEAK = YES;
				CLANG_WARN_BLOCK_CAPTURE_AUTORELEASING = YES;
				CLANG_WARN_BOOL_CONVERSION = YES;
				CLANG_WARN_COMMA = YES;
				CLANG_WARN_CONSTANT_CONVERSION = YES;
				CLANG_WARN_DEPRECATED_OBJC_IMPLEMENTATIONS = YES;
				CLANG_WARN_DIRECT_OBJC_ISA_USAGE = YES_ERROR;
				CLANG_WARN_DOCUMENTATION_COMMENTS = YES;
				CLANG_WARN_EMPTY_BODY = YES;
				CLANG_WARN_ENUM_CONVERSION = YES;
				CLANG_WARN_INFINITE_RECURSION = YES;
				CLANG_WARN_INT_CONVERSION = YES;
				CLANG_WARN_NON_LITERAL_NULL_CONVERSION = YES;
				CLANG_WARN_OBJC_IMPLICIT_RETAIN_SELF = YES;
				CLANG_WARN_OBJC_LITERAL_CONVERSION = YES;
				CLANG_WARN_OBJC_ROOT_CLASS = YES_ERROR;
				CLANG_WARN_QUOTED_INCLUDE_IN_FRAMEWORK_HEADER = YES;
				CLANG_WARN_RANGE_LOOP_ANALYSIS = YES;
				CLANG_WARN_STRICT_PROTOTYPES = YES;
				CLANG_WARN_SUSPICIOUS_MOVE = YES;
				CLANG_WARN_UNGUARDED_AVAILABILITY = YES_AGGRESSIVE;
				CLANG_WARN_UNREACHABLE_CODE = YES;
				CLANG_WARN__DUPLICATE_METHOD_MATCH = YES;
				COPY_PHASE_STRIP = NO;
				DEBUG_INFORMATION_FORMAT = "dwarf-with-dsym";
				ENABLE_NS_ASSERTIONS = NO;
				ENABLE_STRICT_OBJC_MSGSEND = YES;
				GCC_C_LANGUAGE_STANDARD = gnu11;
				GCC_NO_COMMON_BLOCKS = YES;
				GCC_WARN_64_TO_32_BIT_CONVERSION = YES;
				GCC_WARN_ABOUT_RETURN_TYPE = YES_ERROR;
				GCC_WARN_UNDECLARED_SELECTOR = YES;
				GCC_WARN_UNINITIALIZED_AUTOS = YES_AGGRESSIVE;
				GCC_WARN_UNUSED_FUNCTION = YES;
				GCC_WARN_UNUSED_VARIABLE = YES;
				IPHONEOS_DEPLOYMENT_TARGET = 16.0;
				MTL_ENABLE_DEBUG_INFO = NO;
				MTL_FAST_MATH = YES;
				SDKROOT = iphoneos;
				SWIFT_COMPILATION_MODE = wholemodule;
				SWIFT_OPTIMIZATION_LEVEL = "-O";
				VALIDATE_PRODUCT = YES;
			};
			name = Release;
		};
		67894C5228EE03DA00D13ABE /* Debug */ = {
			isa = XCBuildConfiguration;
			buildSettings = {
				ALWAYS_EMBED_SWIFT_STANDARD_LIBRARIES = YES;
				ASSETCATALOG_COMPILER_APPICON_NAME = AppIcon;
				ASSETCATALOG_COMPILER_GLOBAL_ACCENT_COLOR_NAME = AccentColor;
				CODE_SIGN_ENTITLEMENTS = MultiLanguage/MultiLanguage.entitlements;
				CODE_SIGN_STYLE = Automatic;
				CURRENT_PROJECT_VERSION = 1;
				DEVELOPMENT_TEAM = XXJ2YB9QP5;
				GENERATE_INFOPLIST_FILE = YES;
				INFOPLIST_FILE = MultiLanguage/Info.plist;
				INFOPLIST_KEY_UIApplicationSupportsIndirectInputEvents = YES;
				INFOPLIST_KEY_UILaunchStoryboardName = LaunchScreen;
				INFOPLIST_KEY_UIMainStoryboardFile = Main;
				INFOPLIST_KEY_UISupportedInterfaceOrientations_iPad = "UIInterfaceOrientationPortrait UIInterfaceOrientationPortraitUpsideDown UIInterfaceOrientationLandscapeLeft UIInterfaceOrientationLandscapeRight";
				INFOPLIST_KEY_UISupportedInterfaceOrientations_iPhone = "UIInterfaceOrientationPortrait UIInterfaceOrientationLandscapeLeft UIInterfaceOrientationLandscapeRight";
				LD_RUNPATH_SEARCH_PATHS = (
					"$(inherited)",
					"@executable_path/Frameworks",
				);
				MARKETING_VERSION = 1.0;
				PRODUCT_BUNDLE_IDENTIFIER = com.sesac.MultiLanguage;
				PRODUCT_NAME = "$(TARGET_NAME)";
				SWIFT_EMIT_LOC_STRINGS = YES;
				SWIFT_VERSION = 5.0;
				TARGETED_DEVICE_FAMILY = "1,2";
			};
			name = Debug;
		};
		67894C5328EE03DA00D13ABE /* Release */ = {
			isa = XCBuildConfiguration;
			buildSettings = {
				ALWAYS_EMBED_SWIFT_STANDARD_LIBRARIES = YES;
				ASSETCATALOG_COMPILER_APPICON_NAME = AppIcon;
				ASSETCATALOG_COMPILER_GLOBAL_ACCENT_COLOR_NAME = AccentColor;
				CODE_SIGN_ENTITLEMENTS = MultiLanguage/MultiLanguage.entitlements;
				CODE_SIGN_STYLE = Automatic;
				CURRENT_PROJECT_VERSION = 1;
				DEVELOPMENT_TEAM = XXJ2YB9QP5;
				GENERATE_INFOPLIST_FILE = YES;
				INFOPLIST_FILE = MultiLanguage/Info.plist;
				INFOPLIST_KEY_UIApplicationSupportsIndirectInputEvents = YES;
				INFOPLIST_KEY_UILaunchStoryboardName = LaunchScreen;
				INFOPLIST_KEY_UIMainStoryboardFile = Main;
				INFOPLIST_KEY_UISupportedInterfaceOrientations_iPad = "UIInterfaceOrientationPortrait UIInterfaceOrientationPortraitUpsideDown UIInterfaceOrientationLandscapeLeft UIInterfaceOrientationLandscapeRight";
				INFOPLIST_KEY_UISupportedInterfaceOrientations_iPhone = "UIInterfaceOrientationPortrait UIInterfaceOrientationLandscapeLeft UIInterfaceOrientationLandscapeRight";
				LD_RUNPATH_SEARCH_PATHS = (
					"$(inherited)",
					"@executable_path/Frameworks",
				);
				MARKETING_VERSION = 1.0;
				PRODUCT_BUNDLE_IDENTIFIER = com.sesac.MultiLanguage;
				PRODUCT_NAME = "$(TARGET_NAME)";
				SWIFT_EMIT_LOC_STRINGS = YES;
				SWIFT_VERSION = 5.0;
				TARGETED_DEVICE_FAMILY = "1,2";
			};
			name = Release;
		};
		67E91B2428F050C3007597F5 /* Debug */ = {
			isa = XCBuildConfiguration;
			buildSettings = {
				ASSETCATALOG_COMPILER_GLOBAL_ACCENT_COLOR_NAME = AccentColor;
				ASSETCATALOG_COMPILER_WIDGET_BACKGROUND_COLOR_NAME = WidgetBackground;
				CODE_SIGN_ENTITLEMENTS = TestWidgetExtension.entitlements;
				CODE_SIGN_STYLE = Automatic;
				CURRENT_PROJECT_VERSION = 1;
				DEVELOPMENT_TEAM = XXJ2YB9QP5;
				GENERATE_INFOPLIST_FILE = YES;
				INFOPLIST_FILE = TestWidget/Info.plist;
				INFOPLIST_KEY_CFBundleDisplayName = TestWidget;
				INFOPLIST_KEY_NSHumanReadableCopyright = "";
				LD_RUNPATH_SEARCH_PATHS = (
					"$(inherited)",
					"@executable_path/Frameworks",
					"@executable_path/../../Frameworks",
				);
				MARKETING_VERSION = 1.0;
				PRODUCT_BUNDLE_IDENTIFIER = com.sesac.MultiLanguage.TestWidget;
				PRODUCT_NAME = "$(TARGET_NAME)";
				SKIP_INSTALL = YES;
				SWIFT_EMIT_LOC_STRINGS = YES;
				SWIFT_VERSION = 5.0;
				TARGETED_DEVICE_FAMILY = "1,2";
			};
			name = Debug;
		};
		67E91B2528F050C3007597F5 /* Release */ = {
			isa = XCBuildConfiguration;
			buildSettings = {
				ASSETCATALOG_COMPILER_GLOBAL_ACCENT_COLOR_NAME = AccentColor;
				ASSETCATALOG_COMPILER_WIDGET_BACKGROUND_COLOR_NAME = WidgetBackground;
				CODE_SIGN_ENTITLEMENTS = TestWidgetExtension.entitlements;
				CODE_SIGN_STYLE = Automatic;
				CURRENT_PROJECT_VERSION = 1;
				DEVELOPMENT_TEAM = XXJ2YB9QP5;
				GENERATE_INFOPLIST_FILE = YES;
				INFOPLIST_FILE = TestWidget/Info.plist;
				INFOPLIST_KEY_CFBundleDisplayName = TestWidget;
				INFOPLIST_KEY_NSHumanReadableCopyright = "";
				LD_RUNPATH_SEARCH_PATHS = (
					"$(inherited)",
					"@executable_path/Frameworks",
					"@executable_path/../../Frameworks",
				);
				MARKETING_VERSION = 1.0;
				PRODUCT_BUNDLE_IDENTIFIER = com.sesac.MultiLanguage.TestWidget;
				PRODUCT_NAME = "$(TARGET_NAME)";
				SKIP_INSTALL = YES;
				SWIFT_EMIT_LOC_STRINGS = YES;
				SWIFT_VERSION = 5.0;
				TARGETED_DEVICE_FAMILY = "1,2";
			};
			name = Release;
		};
/* End XCBuildConfiguration section */

/* Begin XCConfigurationList section */
		67894C3828EE03D900D13ABE /* Build configuration list for PBXProject "MultiLanguage" */ = {
			isa = XCConfigurationList;
			buildConfigurations = (
				67894C4F28EE03DA00D13ABE /* Debug */,
				67894C5028EE03DA00D13ABE /* Release */,
			);
			defaultConfigurationIsVisible = 0;
			defaultConfigurationName = Release;
		};
		67894C5128EE03DA00D13ABE /* Build configuration list for PBXNativeTarget "MultiLanguage" */ = {
			isa = XCConfigurationList;
			buildConfigurations = (
				67894C5228EE03DA00D13ABE /* Debug */,
				67894C5328EE03DA00D13ABE /* Release */,
			);
			defaultConfigurationIsVisible = 0;
			defaultConfigurationName = Release;
		};
		67E91B2628F050C3007597F5 /* Build configuration list for PBXNativeTarget "TestWidgetExtension" */ = {
			isa = XCConfigurationList;
			buildConfigurations = (
				67E91B2428F050C3007597F5 /* Debug */,
				67E91B2528F050C3007597F5 /* Release */,
			);
			defaultConfigurationIsVisible = 0;
			defaultConfigurationName = Release;
		};
/* End XCConfigurationList section */

/* Begin XCRemoteSwiftPackageReference section */
		67E57EFC2905B6F300DE29C0 /* XCRemoteSwiftPackageReference "realm-swift" */ = {
			isa = XCRemoteSwiftPackageReference;
			repositoryURL = "https://github.com/realm/realm-swift.git";
			requirement = {
				kind = upToNextMajorVersion;
				minimumVersion = 10.30.0;
			};
		};
/* End XCRemoteSwiftPackageReference section */

/* Begin XCSwiftPackageProductDependency section */
		67E57EFD2905B6F300DE29C0 /* Realm */ = {
			isa = XCSwiftPackageProductDependency;
			package = 67E57EFC2905B6F300DE29C0 /* XCRemoteSwiftPackageReference "realm-swift" */;
			productName = Realm;
		};
		67E57EFF2905B6F300DE29C0 /* RealmSwift */ = {
			isa = XCSwiftPackageProductDependency;
			package = 67E57EFC2905B6F300DE29C0 /* XCRemoteSwiftPackageReference "realm-swift" */;
			productName = RealmSwift;
		};
		67E57F012905B7CA00DE29C0 /* Realm */ = {
			isa = XCSwiftPackageProductDependency;
			package = 67E57EFC2905B6F300DE29C0 /* XCRemoteSwiftPackageReference "realm-swift" */;
			productName = Realm;
		};
		67E57F032905B7CD00DE29C0 /* RealmSwift */ = {
			isa = XCSwiftPackageProductDependency;
			package = 67E57EFC2905B6F300DE29C0 /* XCRemoteSwiftPackageReference "realm-swift" */;
			productName = RealmSwift;
		};
/* End XCSwiftPackageProductDependency section */
	};
	rootObject = 67894C3528EE03D900D13ABE /* Project object */;
}
